// !$*UTF8*$!
{
	archiveVersion = 1;
	classes = {
	};
	objectVersion = 46;
	objects = {

/* Begin PBXBuildFile section */
		AB22789C1E5ECAB700C64AD8 /* API.swift in Sources */ = {isa = PBXBuildFile; fileRef = AB22785F1E5ECAB700C64AD8 /* API.swift */; };
		AB22789D1E5ECAB700C64AD8 /* IconManager.swift in Sources */ = {isa = PBXBuildFile; fileRef = AB2278601E5ECAB700C64AD8 /* IconManager.swift */; };
		AB22789E1E5ECAB700C64AD8 /* ActivitiesResponse.swift in Sources */ = {isa = PBXBuildFile; fileRef = AB2278621E5ECAB700C64AD8 /* ActivitiesResponse.swift */; };
		AB22789F1E5ECAB700C64AD8 /* ActivityResponse.swift in Sources */ = {isa = PBXBuildFile; fileRef = AB2278631E5ECAB700C64AD8 /* ActivityResponse.swift */; };
		AB2278A01E5ECAB700C64AD8 /* CreateRequestResponse.swift in Sources */ = {isa = PBXBuildFile; fileRef = AB2278641E5ECAB700C64AD8 /* CreateRequestResponse.swift */; };
		AB2278A11E5ECAB700C64AD8 /* QueryResponse.swift in Sources */ = {isa = PBXBuildFile; fileRef = AB2278651E5ECAB700C64AD8 /* QueryResponse.swift */; };
		AB2278A21E5ECAB700C64AD8 /* RemoveRequestResponse.swift in Sources */ = {isa = PBXBuildFile; fileRef = AB2278661E5ECAB700C64AD8 /* RemoveRequestResponse.swift */; };
		AB2278A31E5ECAB700C64AD8 /* WebsocketResponse.swift in Sources */ = {isa = PBXBuildFile; fileRef = AB2278671E5ECAB700C64AD8 /* WebsocketResponse.swift */; };
		AB2278A41E5ECAB700C64AD8 /* SocketConnection.swift in Sources */ = {isa = PBXBuildFile; fileRef = AB2278681E5ECAB700C64AD8 /* SocketConnection.swift */; };
		AB2278A51E5ECAB700C64AD8 /* Duplicates.swift in Sources */ = {isa = PBXBuildFile; fileRef = AB22786B1E5ECAB700C64AD8 /* Duplicates.swift */; };
		AB2278A61E5ECAB700C64AD8 /* Ago.swift in Sources */ = {isa = PBXBuildFile; fileRef = AB22786D1E5ECAB700C64AD8 /* Ago.swift */; };
		AB2278A71E5ECAB700C64AD8 /* Size.swift in Sources */ = {isa = PBXBuildFile; fileRef = AB22786F1E5ECAB700C64AD8 /* Size.swift */; };
		AB2278A81E5ECAB700C64AD8 /* Hex.swift in Sources */ = {isa = PBXBuildFile; fileRef = AB2278711E5ECAB700C64AD8 /* Hex.swift */; };
		AB2278A91E5ECAB700C64AD8 /* Lato.swift in Sources */ = {isa = PBXBuildFile; fileRef = AB2278731E5ECAB700C64AD8 /* Lato.swift */; };
		AB2278AA1E5ECAB700C64AD8 /* Icon.swift in Sources */ = {isa = PBXBuildFile; fileRef = AB2278751E5ECAB700C64AD8 /* Icon.swift */; };
		AB2278AB1E5ECAB700C64AD8 /* Activity.swift in Sources */ = {isa = PBXBuildFile; fileRef = AB2278771E5ECAB700C64AD8 /* Activity.swift */; };
		AB2278AC1E5ECAB700C64AD8 /* ActivityGroup.swift in Sources */ = {isa = PBXBuildFile; fileRef = AB2278781E5ECAB700C64AD8 /* ActivityGroup.swift */; };
		AB2278AD1E5ECAB700C64AD8 /* Field.swift in Sources */ = {isa = PBXBuildFile; fileRef = AB2278791E5ECAB700C64AD8 /* Field.swift */; };
		AB2278AE1E5ECAB700C64AD8 /* FieldGroup.swift in Sources */ = {isa = PBXBuildFile; fileRef = AB22787A1E5ECAB700C64AD8 /* FieldGroup.swift */; };
		AB2278AF1E5ECAB700C64AD8 /* FieldOption.swift in Sources */ = {isa = PBXBuildFile; fileRef = AB22787B1E5ECAB700C64AD8 /* FieldOption.swift */; };
		AB2278B01E5ECAB700C64AD8 /* FieldValue.swift in Sources */ = {isa = PBXBuildFile; fileRef = AB22787C1E5ECAB700C64AD8 /* FieldValue.swift */; };
		AB2278B11E5ECAB700C64AD8 /* Language.swift in Sources */ = {isa = PBXBuildFile; fileRef = AB22787D1E5ECAB700C64AD8 /* Language.swift */; };
		AB2278B21E5ECAB700C64AD8 /* Request.swift in Sources */ = {isa = PBXBuildFile; fileRef = AB22787E1E5ECAB700C64AD8 /* Request.swift */; };
		AB2278B31E5ECAB700C64AD8 /* DataTypes.swift in Sources */ = {isa = PBXBuildFile; fileRef = AB2278801E5ECAB700C64AD8 /* DataTypes.swift */; };
		AB2278B41E5ECAB700C64AD8 /* EurekaStyles.swift in Sources */ = {isa = PBXBuildFile; fileRef = AB2278811E5ECAB700C64AD8 /* EurekaStyles.swift */; };
		AB2278B51E5ECAB700C64AD8 /* IndexPathChange.swift in Sources */ = {isa = PBXBuildFile; fileRef = AB2278821E5ECAB700C64AD8 /* IndexPathChange.swift */; };
		AB2278B61E5ECAB700C64AD8 /* OAuthInfo.swift in Sources */ = {isa = PBXBuildFile; fileRef = AB2278831E5ECAB700C64AD8 /* OAuthInfo.swift */; };
		AB2278B71E5ECAB700C64AD8 /* ObjectDetacher.swift in Sources */ = {isa = PBXBuildFile; fileRef = AB2278841E5ECAB700C64AD8 /* ObjectDetacher.swift */; };
		AB2278B81E5ECAB700C64AD8 /* DatatypeTransformer.swift in Sources */ = {isa = PBXBuildFile; fileRef = AB2278861E5ECAB700C64AD8 /* DatatypeTransformer.swift */; };
		AB2278B91E5ECAB700C64AD8 /* DateTransformer.swift in Sources */ = {isa = PBXBuildFile; fileRef = AB2278871E5ECAB700C64AD8 /* DateTransformer.swift */; };
		AB2278BA1E5ECAB700C64AD8 /* ListTransformer.swift in Sources */ = {isa = PBXBuildFile; fileRef = AB2278881E5ECAB700C64AD8 /* ListTransformer.swift */; };
		AB2278BB1E5ECAB700C64AD8 /* ValueFinderTransformer.swift in Sources */ = {isa = PBXBuildFile; fileRef = AB2278891E5ECAB700C64AD8 /* ValueFinderTransformer.swift */; };
		AB2278BC1E5ECAB700C64AD8 /* ActivitiesViewController.swift in Sources */ = {isa = PBXBuildFile; fileRef = AB22788B1E5ECAB700C64AD8 /* ActivitiesViewController.swift */; };
		AB2278BD1E5ECAB700C64AD8 /* ActivityViewController.swift in Sources */ = {isa = PBXBuildFile; fileRef = AB22788C1E5ECAB700C64AD8 /* ActivityViewController.swift */; };
		AB2278BE1E5ECAB700C64AD8 /* ActivityViewSettingsController.swift in Sources */ = {isa = PBXBuildFile; fileRef = AB22788D1E5ECAB700C64AD8 /* ActivityViewSettingsController.swift */; };
		AB2278BF1E5ECAB700C64AD8 /* BaseiPadController.swift in Sources */ = {isa = PBXBuildFile; fileRef = AB22788E1E5ECAB700C64AD8 /* BaseiPadController.swift */; };
		AB2278C01E5ECAB700C64AD8 /* NewRequestViewController.swift in Sources */ = {isa = PBXBuildFile; fileRef = AB22788F1E5ECAB700C64AD8 /* NewRequestViewController.swift */; };
		AB2278C11E5ECAB700C64AD8 /* NoActivitySelectedViewController.swift in Sources */ = {isa = PBXBuildFile; fileRef = AB2278901E5ECAB700C64AD8 /* NoActivitySelectedViewController.swift */; };
		AB2278C21E5ECAB700C64AD8 /* PureLayoutSetup.swift in Sources */ = {isa = PBXBuildFile; fileRef = AB2278911E5ECAB700C64AD8 /* PureLayoutSetup.swift */; };
		AB2278C31E5ECAB700C64AD8 /* RequestViewController.swift in Sources */ = {isa = PBXBuildFile; fileRef = AB2278921E5ECAB700C64AD8 /* RequestViewController.swift */; };
		AB2278C41E5ECAB700C64AD8 /* ActivityCell.swift in Sources */ = {isa = PBXBuildFile; fileRef = AB2278941E5ECAB700C64AD8 /* ActivityCell.swift */; };
		AB2278C51E5ECAB700C64AD8 /* ActivitySectionHeader.swift in Sources */ = {isa = PBXBuildFile; fileRef = AB2278951E5ECAB700C64AD8 /* ActivitySectionHeader.swift */; };
		AB2278C61E5ECAB700C64AD8 /* DiscordInfoView.swift in Sources */ = {isa = PBXBuildFile; fileRef = AB2278961E5ECAB700C64AD8 /* DiscordInfoView.swift */; };
		AB2278C71E5ECAB700C64AD8 /* KeyValueView.swift in Sources */ = {isa = PBXBuildFile; fileRef = AB2278971E5ECAB700C64AD8 /* KeyValueView.swift */; };
		AB2278C81E5ECAB700C64AD8 /* NoResultsView.swift in Sources */ = {isa = PBXBuildFile; fileRef = AB2278981E5ECAB700C64AD8 /* NoResultsView.swift */; };
		AB2278C91E5ECAB700C64AD8 /* RequestTableViewCell.swift in Sources */ = {isa = PBXBuildFile; fileRef = AB2278991E5ECAB700C64AD8 /* RequestTableViewCell.swift */; };
		AB2278CA1E5ECAB700C64AD8 /* StatusPanel.swift in Sources */ = {isa = PBXBuildFile; fileRef = AB22789A1E5ECAB700C64AD8 /* StatusPanel.swift */; };
		AB2278CB1E5ECAB700C64AD8 /* TitleSeparator.swift in Sources */ = {isa = PBXBuildFile; fileRef = AB22789B1E5ECAB700C64AD8 /* TitleSeparator.swift */; };
		AB4A41F41E4AEDF900EB43C9 /* AppDelegate.swift in Sources */ = {isa = PBXBuildFile; fileRef = AB4A41F31E4AEDF900EB43C9 /* AppDelegate.swift */; };
		AB4A41F91E4AEDF900EB43C9 /* Main.storyboard in Resources */ = {isa = PBXBuildFile; fileRef = AB4A41F71E4AEDF900EB43C9 /* Main.storyboard */; };
		AB4A41FB1E4AEDF900EB43C9 /* Assets.xcassets in Resources */ = {isa = PBXBuildFile; fileRef = AB4A41FA1E4AEDF900EB43C9 /* Assets.xcassets */; };
		AB4A41FE1E4AEDF900EB43C9 /* LaunchScreen.storyboard in Resources */ = {isa = PBXBuildFile; fileRef = AB4A41FC1E4AEDF900EB43C9 /* LaunchScreen.storyboard */; };
		ABD3552E1E556D6700529AC5 /* Lato-Bold.ttf in Resources */ = {isa = PBXBuildFile; fileRef = ABD3552C1E556D6700529AC5 /* Lato-Bold.ttf */; };
		ABD3552F1E556D6700529AC5 /* Lato-Regular.ttf in Resources */ = {isa = PBXBuildFile; fileRef = ABD3552D1E556D6700529AC5 /* Lato-Regular.ttf */; };
		D29EB9A73A6C145E1882BEC6 /* Pods_lfg.framework in Frameworks */ = {isa = PBXBuildFile; fileRef = DAED4591C4EC09E53AE2B204 /* Pods_lfg.framework */; };
/* End PBXBuildFile section */

/* Begin PBXFileReference section */
		AB22785F1E5ECAB700C64AD8 /* API.swift */ = {isa = PBXFileReference; fileEncoding = 4; lastKnownFileType = sourcecode.swift; path = API.swift; sourceTree = "<group>"; };
		AB2278601E5ECAB700C64AD8 /* IconManager.swift */ = {isa = PBXFileReference; fileEncoding = 4; lastKnownFileType = sourcecode.swift; path = IconManager.swift; sourceTree = "<group>"; };
		AB2278621E5ECAB700C64AD8 /* ActivitiesResponse.swift */ = {isa = PBXFileReference; fileEncoding = 4; lastKnownFileType = sourcecode.swift; path = ActivitiesResponse.swift; sourceTree = "<group>"; };
		AB2278631E5ECAB700C64AD8 /* ActivityResponse.swift */ = {isa = PBXFileReference; fileEncoding = 4; lastKnownFileType = sourcecode.swift; path = ActivityResponse.swift; sourceTree = "<group>"; };
		AB2278641E5ECAB700C64AD8 /* CreateRequestResponse.swift */ = {isa = PBXFileReference; fileEncoding = 4; lastKnownFileType = sourcecode.swift; path = CreateRequestResponse.swift; sourceTree = "<group>"; };
		AB2278651E5ECAB700C64AD8 /* QueryResponse.swift */ = {isa = PBXFileReference; fileEncoding = 4; lastKnownFileType = sourcecode.swift; path = QueryResponse.swift; sourceTree = "<group>"; };
		AB2278661E5ECAB700C64AD8 /* RemoveRequestResponse.swift */ = {isa = PBXFileReference; fileEncoding = 4; lastKnownFileType = sourcecode.swift; path = RemoveRequestResponse.swift; sourceTree = "<group>"; };
		AB2278671E5ECAB700C64AD8 /* WebsocketResponse.swift */ = {isa = PBXFileReference; fileEncoding = 4; lastKnownFileType = sourcecode.swift; path = WebsocketResponse.swift; sourceTree = "<group>"; };
		AB2278681E5ECAB700C64AD8 /* SocketConnection.swift */ = {isa = PBXFileReference; fileEncoding = 4; lastKnownFileType = sourcecode.swift; path = SocketConnection.swift; sourceTree = "<group>"; };
		AB22786B1E5ECAB700C64AD8 /* Duplicates.swift */ = {isa = PBXFileReference; fileEncoding = 4; lastKnownFileType = sourcecode.swift; path = Duplicates.swift; sourceTree = "<group>"; };
		AB22786D1E5ECAB700C64AD8 /* Ago.swift */ = {isa = PBXFileReference; fileEncoding = 4; lastKnownFileType = sourcecode.swift; path = Ago.swift; sourceTree = "<group>"; };
		AB22786F1E5ECAB700C64AD8 /* Size.swift */ = {isa = PBXFileReference; fileEncoding = 4; lastKnownFileType = sourcecode.swift; path = Size.swift; sourceTree = "<group>"; };
		AB2278711E5ECAB700C64AD8 /* Hex.swift */ = {isa = PBXFileReference; fileEncoding = 4; lastKnownFileType = sourcecode.swift; path = Hex.swift; sourceTree = "<group>"; };
		AB2278731E5ECAB700C64AD8 /* Lato.swift */ = {isa = PBXFileReference; fileEncoding = 4; lastKnownFileType = sourcecode.swift; path = Lato.swift; sourceTree = "<group>"; };
		AB2278751E5ECAB700C64AD8 /* Icon.swift */ = {isa = PBXFileReference; fileEncoding = 4; lastKnownFileType = sourcecode.swift; path = Icon.swift; sourceTree = "<group>"; };
		AB2278771E5ECAB700C64AD8 /* Activity.swift */ = {isa = PBXFileReference; fileEncoding = 4; lastKnownFileType = sourcecode.swift; path = Activity.swift; sourceTree = "<group>"; };
		AB2278781E5ECAB700C64AD8 /* ActivityGroup.swift */ = {isa = PBXFileReference; fileEncoding = 4; lastKnownFileType = sourcecode.swift; path = ActivityGroup.swift; sourceTree = "<group>"; };
		AB2278791E5ECAB700C64AD8 /* Field.swift */ = {isa = PBXFileReference; fileEncoding = 4; lastKnownFileType = sourcecode.swift; path = Field.swift; sourceTree = "<group>"; };
		AB22787A1E5ECAB700C64AD8 /* FieldGroup.swift */ = {isa = PBXFileReference; fileEncoding = 4; lastKnownFileType = sourcecode.swift; path = FieldGroup.swift; sourceTree = "<group>"; };
		AB22787B1E5ECAB700C64AD8 /* FieldOption.swift */ = {isa = PBXFileReference; fileEncoding = 4; lastKnownFileType = sourcecode.swift; path = FieldOption.swift; sourceTree = "<group>"; };
		AB22787C1E5ECAB700C64AD8 /* FieldValue.swift */ = {isa = PBXFileReference; fileEncoding = 4; lastKnownFileType = sourcecode.swift; path = FieldValue.swift; sourceTree = "<group>"; };
		AB22787D1E5ECAB700C64AD8 /* Language.swift */ = {isa = PBXFileReference; fileEncoding = 4; lastKnownFileType = sourcecode.swift; path = Language.swift; sourceTree = "<group>"; };
		AB22787E1E5ECAB700C64AD8 /* Request.swift */ = {isa = PBXFileReference; fileEncoding = 4; lastKnownFileType = sourcecode.swift; path = Request.swift; sourceTree = "<group>"; };
		AB2278801E5ECAB700C64AD8 /* DataTypes.swift */ = {isa = PBXFileReference; fileEncoding = 4; lastKnownFileType = sourcecode.swift; path = DataTypes.swift; sourceTree = "<group>"; };
		AB2278811E5ECAB700C64AD8 /* EurekaStyles.swift */ = {isa = PBXFileReference; fileEncoding = 4; lastKnownFileType = sourcecode.swift; path = EurekaStyles.swift; sourceTree = "<group>"; };
		AB2278821E5ECAB700C64AD8 /* IndexPathChange.swift */ = {isa = PBXFileReference; fileEncoding = 4; lastKnownFileType = sourcecode.swift; path = IndexPathChange.swift; sourceTree = "<group>"; };
		AB2278831E5ECAB700C64AD8 /* OAuthInfo.swift */ = {isa = PBXFileReference; fileEncoding = 4; lastKnownFileType = sourcecode.swift; path = OAuthInfo.swift; sourceTree = "<group>"; };
		AB2278841E5ECAB700C64AD8 /* ObjectDetacher.swift */ = {isa = PBXFileReference; fileEncoding = 4; lastKnownFileType = sourcecode.swift; path = ObjectDetacher.swift; sourceTree = "<group>"; };
		AB2278861E5ECAB700C64AD8 /* DatatypeTransformer.swift */ = {isa = PBXFileReference; fileEncoding = 4; lastKnownFileType = sourcecode.swift; path = DatatypeTransformer.swift; sourceTree = "<group>"; };
		AB2278871E5ECAB700C64AD8 /* DateTransformer.swift */ = {isa = PBXFileReference; fileEncoding = 4; lastKnownFileType = sourcecode.swift; path = DateTransformer.swift; sourceTree = "<group>"; };
		AB2278881E5ECAB700C64AD8 /* ListTransformer.swift */ = {isa = PBXFileReference; fileEncoding = 4; lastKnownFileType = sourcecode.swift; path = ListTransformer.swift; sourceTree = "<group>"; };
		AB2278891E5ECAB700C64AD8 /* ValueFinderTransformer.swift */ = {isa = PBXFileReference; fileEncoding = 4; lastKnownFileType = sourcecode.swift; path = ValueFinderTransformer.swift; sourceTree = "<group>"; };
		AB22788B1E5ECAB700C64AD8 /* ActivitiesViewController.swift */ = {isa = PBXFileReference; fileEncoding = 4; lastKnownFileType = sourcecode.swift; path = ActivitiesViewController.swift; sourceTree = "<group>"; };
		AB22788C1E5ECAB700C64AD8 /* ActivityViewController.swift */ = {isa = PBXFileReference; fileEncoding = 4; lastKnownFileType = sourcecode.swift; path = ActivityViewController.swift; sourceTree = "<group>"; };
		AB22788D1E5ECAB700C64AD8 /* ActivityViewSettingsController.swift */ = {isa = PBXFileReference; fileEncoding = 4; lastKnownFileType = sourcecode.swift; path = ActivityViewSettingsController.swift; sourceTree = "<group>"; };
		AB22788E1E5ECAB700C64AD8 /* BaseiPadController.swift */ = {isa = PBXFileReference; fileEncoding = 4; lastKnownFileType = sourcecode.swift; path = BaseiPadController.swift; sourceTree = "<group>"; };
		AB22788F1E5ECAB700C64AD8 /* NewRequestViewController.swift */ = {isa = PBXFileReference; fileEncoding = 4; lastKnownFileType = sourcecode.swift; path = NewRequestViewController.swift; sourceTree = "<group>"; };
		AB2278901E5ECAB700C64AD8 /* NoActivitySelectedViewController.swift */ = {isa = PBXFileReference; fileEncoding = 4; lastKnownFileType = sourcecode.swift; path = NoActivitySelectedViewController.swift; sourceTree = "<group>"; };
		AB2278911E5ECAB700C64AD8 /* PureLayoutSetup.swift */ = {isa = PBXFileReference; fileEncoding = 4; lastKnownFileType = sourcecode.swift; path = PureLayoutSetup.swift; sourceTree = "<group>"; };
		AB2278921E5ECAB700C64AD8 /* RequestViewController.swift */ = {isa = PBXFileReference; fileEncoding = 4; lastKnownFileType = sourcecode.swift; path = RequestViewController.swift; sourceTree = "<group>"; };
		AB2278941E5ECAB700C64AD8 /* ActivityCell.swift */ = {isa = PBXFileReference; fileEncoding = 4; lastKnownFileType = sourcecode.swift; path = ActivityCell.swift; sourceTree = "<group>"; };
		AB2278951E5ECAB700C64AD8 /* ActivitySectionHeader.swift */ = {isa = PBXFileReference; fileEncoding = 4; lastKnownFileType = sourcecode.swift; path = ActivitySectionHeader.swift; sourceTree = "<group>"; };
		AB2278961E5ECAB700C64AD8 /* DiscordInfoView.swift */ = {isa = PBXFileReference; fileEncoding = 4; lastKnownFileType = sourcecode.swift; path = DiscordInfoView.swift; sourceTree = "<group>"; };
		AB2278971E5ECAB700C64AD8 /* KeyValueView.swift */ = {isa = PBXFileReference; fileEncoding = 4; lastKnownFileType = sourcecode.swift; path = KeyValueView.swift; sourceTree = "<group>"; };
		AB2278981E5ECAB700C64AD8 /* NoResultsView.swift */ = {isa = PBXFileReference; fileEncoding = 4; lastKnownFileType = sourcecode.swift; path = NoResultsView.swift; sourceTree = "<group>"; };
		AB2278991E5ECAB700C64AD8 /* RequestTableViewCell.swift */ = {isa = PBXFileReference; fileEncoding = 4; lastKnownFileType = sourcecode.swift; path = RequestTableViewCell.swift; sourceTree = "<group>"; };
		AB22789A1E5ECAB700C64AD8 /* StatusPanel.swift */ = {isa = PBXFileReference; fileEncoding = 4; lastKnownFileType = sourcecode.swift; path = StatusPanel.swift; sourceTree = "<group>"; };
		AB22789B1E5ECAB700C64AD8 /* TitleSeparator.swift */ = {isa = PBXFileReference; fileEncoding = 4; lastKnownFileType = sourcecode.swift; path = TitleSeparator.swift; sourceTree = "<group>"; };
		AB4A41F01E4AEDF900EB43C9 /* lfg.app */ = {isa = PBXFileReference; explicitFileType = wrapper.application; includeInIndex = 0; path = lfg.app; sourceTree = BUILT_PRODUCTS_DIR; };
		AB4A41F31E4AEDF900EB43C9 /* AppDelegate.swift */ = {isa = PBXFileReference; lastKnownFileType = sourcecode.swift; path = AppDelegate.swift; sourceTree = "<group>"; };
		AB4A41F81E4AEDF900EB43C9 /* Base */ = {isa = PBXFileReference; lastKnownFileType = file.storyboard; name = Base; path = Base.lproj/Main.storyboard; sourceTree = "<group>"; };
		AB4A41FA1E4AEDF900EB43C9 /* Assets.xcassets */ = {isa = PBXFileReference; lastKnownFileType = folder.assetcatalog; path = Assets.xcassets; sourceTree = "<group>"; };
		AB4A41FD1E4AEDF900EB43C9 /* Base */ = {isa = PBXFileReference; lastKnownFileType = file.storyboard; name = Base; path = Base.lproj/LaunchScreen.storyboard; sourceTree = "<group>"; };
		AB4A41FF1E4AEDF900EB43C9 /* Info.plist */ = {isa = PBXFileReference; lastKnownFileType = text.plist.xml; path = Info.plist; sourceTree = "<group>"; };
		ABD3552C1E556D6700529AC5 /* Lato-Bold.ttf */ = {isa = PBXFileReference; lastKnownFileType = file; path = "Lato-Bold.ttf"; sourceTree = "<group>"; };
		ABD3552D1E556D6700529AC5 /* Lato-Regular.ttf */ = {isa = PBXFileReference; lastKnownFileType = file; path = "Lato-Regular.ttf"; sourceTree = "<group>"; };
		B969099067711FE26ED9AC37 /* Pods-lfg.debug.xcconfig */ = {isa = PBXFileReference; includeInIndex = 1; lastKnownFileType = text.xcconfig; name = "Pods-lfg.debug.xcconfig"; path = "Pods/Target Support Files/Pods-lfg/Pods-lfg.debug.xcconfig"; sourceTree = "<group>"; };
		BAE1A5B43F070FAE8A142692 /* Pods-lfg.release.xcconfig */ = {isa = PBXFileReference; includeInIndex = 1; lastKnownFileType = text.xcconfig; name = "Pods-lfg.release.xcconfig"; path = "Pods/Target Support Files/Pods-lfg/Pods-lfg.release.xcconfig"; sourceTree = "<group>"; };
		DAED4591C4EC09E53AE2B204 /* Pods_lfg.framework */ = {isa = PBXFileReference; explicitFileType = wrapper.framework; includeInIndex = 0; path = Pods_lfg.framework; sourceTree = BUILT_PRODUCTS_DIR; };
/* End PBXFileReference section */

/* Begin PBXFrameworksBuildPhase section */
		AB4A41ED1E4AEDF900EB43C9 /* Frameworks */ = {
			isa = PBXFrameworksBuildPhase;
			buildActionMask = 2147483647;
			files = (
				D29EB9A73A6C145E1882BEC6 /* Pods_lfg.framework in Frameworks */,
			);
			runOnlyForDeploymentPostprocessing = 0;
		};
/* End PBXFrameworksBuildPhase section */

/* Begin PBXGroup section */
		189AAAEE6C483B41C579082F /* Pods */ = {
			isa = PBXGroup;
			children = (
				B969099067711FE26ED9AC37 /* Pods-lfg.debug.xcconfig */,
				BAE1A5B43F070FAE8A142692 /* Pods-lfg.release.xcconfig */,
			);
			name = Pods;
			sourceTree = "<group>";
		};
		89662BA3A6E14E01E367E136 /* Frameworks */ = {
			isa = PBXGroup;
			children = (
				DAED4591C4EC09E53AE2B204 /* Pods_lfg.framework */,
			);
			name = Frameworks;
			sourceTree = "<group>";
		};
		AB22785D1E5ECAB700C64AD8 /* Classes */ = {
			isa = PBXGroup;
			children = (
				AB22785E1E5ECAB700C64AD8 /* API */,
				AB2278691E5ECAB700C64AD8 /* Extensions */,
				AB2278761E5ECAB700C64AD8 /* Models */,
				AB22787F1E5ECAB700C64AD8 /* Other */,
				AB2278851E5ECAB700C64AD8 /* Transformers */,
				AB22788A1E5ECAB700C64AD8 /* ViewControllers */,
				AB2278931E5ECAB700C64AD8 /* Views */,
			);
			path = Classes;
			sourceTree = "<group>";
		};
		AB22785E1E5ECAB700C64AD8 /* API */ = {
			isa = PBXGroup;
			children = (
				AB2278611E5ECAB700C64AD8 /* Responses */,
				AB22785F1E5ECAB700C64AD8 /* API.swift */,
				AB2278601E5ECAB700C64AD8 /* IconManager.swift */,
				AB2278681E5ECAB700C64AD8 /* SocketConnection.swift */,
			);
			path = API;
			sourceTree = "<group>";
		};
		AB2278611E5ECAB700C64AD8 /* Responses */ = {
			isa = PBXGroup;
			children = (
				AB2278621E5ECAB700C64AD8 /* ActivitiesResponse.swift */,
				AB2278631E5ECAB700C64AD8 /* ActivityResponse.swift */,
				AB2278641E5ECAB700C64AD8 /* CreateRequestResponse.swift */,
				AB2278651E5ECAB700C64AD8 /* QueryResponse.swift */,
				AB2278661E5ECAB700C64AD8 /* RemoveRequestResponse.swift */,
				AB2278671E5ECAB700C64AD8 /* WebsocketResponse.swift */,
			);
			path = Responses;
			sourceTree = "<group>";
		};
		AB2278691E5ECAB700C64AD8 /* Extensions */ = {
			isa = PBXGroup;
			children = (
				AB22786A1E5ECAB700C64AD8 /* Array */,
				AB22786C1E5ECAB700C64AD8 /* Date */,
				AB22786E1E5ECAB700C64AD8 /* String */,
				AB2278701E5ECAB700C64AD8 /* UIColor */,
				AB2278721E5ECAB700C64AD8 /* UIFont */,
				AB2278741E5ECAB700C64AD8 /* UIImage */,
			);
			path = Extensions;
			sourceTree = "<group>";
		};
		AB22786A1E5ECAB700C64AD8 /* Array */ = {
			isa = PBXGroup;
			children = (
				AB22786B1E5ECAB700C64AD8 /* Duplicates.swift */,
			);
			path = Array;
			sourceTree = "<group>";
		};
		AB22786C1E5ECAB700C64AD8 /* Date */ = {
			isa = PBXGroup;
			children = (
				AB22786D1E5ECAB700C64AD8 /* Ago.swift */,
			);
			path = Date;
			sourceTree = "<group>";
		};
		AB22786E1E5ECAB700C64AD8 /* String */ = {
			isa = PBXGroup;
			children = (
				AB22786F1E5ECAB700C64AD8 /* Size.swift */,
			);
			path = String;
			sourceTree = "<group>";
		};
		AB2278701E5ECAB700C64AD8 /* UIColor */ = {
			isa = PBXGroup;
			children = (
				AB2278711E5ECAB700C64AD8 /* Hex.swift */,
			);
			path = UIColor;
			sourceTree = "<group>";
		};
		AB2278721E5ECAB700C64AD8 /* UIFont */ = {
			isa = PBXGroup;
			children = (
				AB2278731E5ECAB700C64AD8 /* Lato.swift */,
			);
			path = UIFont;
			sourceTree = "<group>";
		};
		AB2278741E5ECAB700C64AD8 /* UIImage */ = {
			isa = PBXGroup;
			children = (
				AB2278751E5ECAB700C64AD8 /* Icon.swift */,
			);
			path = UIImage;
			sourceTree = "<group>";
		};
		AB2278761E5ECAB700C64AD8 /* Models */ = {
			isa = PBXGroup;
			children = (
				AB2278771E5ECAB700C64AD8 /* Activity.swift */,
				AB2278781E5ECAB700C64AD8 /* ActivityGroup.swift */,
				AB2278791E5ECAB700C64AD8 /* Field.swift */,
				AB22787A1E5ECAB700C64AD8 /* FieldGroup.swift */,
				AB22787B1E5ECAB700C64AD8 /* FieldOption.swift */,
				AB22787C1E5ECAB700C64AD8 /* FieldValue.swift */,
				AB22787D1E5ECAB700C64AD8 /* Language.swift */,
				AB22787E1E5ECAB700C64AD8 /* Request.swift */,
			);
			path = Models;
			sourceTree = "<group>";
		};
		AB22787F1E5ECAB700C64AD8 /* Other */ = {
			isa = PBXGroup;
			children = (
				AB2278801E5ECAB700C64AD8 /* DataTypes.swift */,
				AB2278811E5ECAB700C64AD8 /* EurekaStyles.swift */,
				AB2278821E5ECAB700C64AD8 /* IndexPathChange.swift */,
				AB2278831E5ECAB700C64AD8 /* OAuthInfo.swift */,
				AB2278841E5ECAB700C64AD8 /* ObjectDetacher.swift */,
			);
			path = Other;
			sourceTree = "<group>";
		};
		AB2278851E5ECAB700C64AD8 /* Transformers */ = {
			isa = PBXGroup;
			children = (
				AB2278861E5ECAB700C64AD8 /* DatatypeTransformer.swift */,
				AB2278871E5ECAB700C64AD8 /* DateTransformer.swift */,
				AB2278881E5ECAB700C64AD8 /* ListTransformer.swift */,
				AB2278891E5ECAB700C64AD8 /* ValueFinderTransformer.swift */,
			);
			path = Transformers;
			sourceTree = "<group>";
		};
		AB22788A1E5ECAB700C64AD8 /* ViewControllers */ = {
			isa = PBXGroup;
			children = (
				AB22788B1E5ECAB700C64AD8 /* ActivitiesViewController.swift */,
				AB22788C1E5ECAB700C64AD8 /* ActivityViewController.swift */,
				AB22788D1E5ECAB700C64AD8 /* ActivityViewSettingsController.swift */,
				AB22788E1E5ECAB700C64AD8 /* BaseiPadController.swift */,
				AB22788F1E5ECAB700C64AD8 /* NewRequestViewController.swift */,
				AB2278901E5ECAB700C64AD8 /* NoActivitySelectedViewController.swift */,
				AB2278911E5ECAB700C64AD8 /* PureLayoutSetup.swift */,
				AB2278921E5ECAB700C64AD8 /* RequestViewController.swift */,
			);
			path = ViewControllers;
			sourceTree = "<group>";
		};
		AB2278931E5ECAB700C64AD8 /* Views */ = {
			isa = PBXGroup;
			children = (
				AB2278941E5ECAB700C64AD8 /* ActivityCell.swift */,
				AB2278951E5ECAB700C64AD8 /* ActivitySectionHeader.swift */,
				AB2278961E5ECAB700C64AD8 /* DiscordInfoView.swift */,
				AB2278971E5ECAB700C64AD8 /* KeyValueView.swift */,
				AB2278981E5ECAB700C64AD8 /* NoResultsView.swift */,
				AB2278991E5ECAB700C64AD8 /* RequestTableViewCell.swift */,
				AB22789A1E5ECAB700C64AD8 /* StatusPanel.swift */,
				AB22789B1E5ECAB700C64AD8 /* TitleSeparator.swift */,
			);
			path = Views;
			sourceTree = "<group>";
		};
		AB498B861E4EFA2300B9DD10 /* Assets */ = {
			isa = PBXGroup;
			children = (
				ABD3552B1E556D6700529AC5 /* Fonts */,
			);
			path = Assets;
			sourceTree = "<group>";
		};
		AB4A41E71E4AEDF900EB43C9 = {
			isa = PBXGroup;
			children = (
				AB4A41F21E4AEDF900EB43C9 /* lfg */,
				AB4A41F11E4AEDF900EB43C9 /* Products */,
				189AAAEE6C483B41C579082F /* Pods */,
				89662BA3A6E14E01E367E136 /* Frameworks */,
			);
			sourceTree = "<group>";
		};
		AB4A41F11E4AEDF900EB43C9 /* Products */ = {
			isa = PBXGroup;
			children = (
				AB4A41F01E4AEDF900EB43C9 /* lfg.app */,
			);
			name = Products;
			sourceTree = "<group>";
		};
		AB4A41F21E4AEDF900EB43C9 /* lfg */ = {
			isa = PBXGroup;
			children = (
				AB498B861E4EFA2300B9DD10 /* Assets */,
				AB22785D1E5ECAB700C64AD8 /* Classes */,
				AB4A41FA1E4AEDF900EB43C9 /* Assets.xcassets */,
				AB4A41F31E4AEDF900EB43C9 /* AppDelegate.swift */,
				AB4A41FF1E4AEDF900EB43C9 /* Info.plist */,
				AB4A41FC1E4AEDF900EB43C9 /* LaunchScreen.storyboard */,
				AB4A41F71E4AEDF900EB43C9 /* Main.storyboard */,
			);
			path = lfg;
			sourceTree = "<group>";
		};
		ABD3552B1E556D6700529AC5 /* Fonts */ = {
			isa = PBXGroup;
			children = (
				ABD3552C1E556D6700529AC5 /* Lato-Bold.ttf */,
				ABD3552D1E556D6700529AC5 /* Lato-Regular.ttf */,
			);
			path = Fonts;
			sourceTree = "<group>";
		};
/* End PBXGroup section */

/* Begin PBXNativeTarget section */
		AB4A41EF1E4AEDF900EB43C9 /* lfg */ = {
			isa = PBXNativeTarget;
			buildConfigurationList = AB4A42021E4AEDFA00EB43C9 /* Build configuration list for PBXNativeTarget "lfg" */;
			buildPhases = (
				64662D401747B0F8D0255C03 /* [CP] Check Pods Manifest.lock */,
				AB4A41EC1E4AEDF900EB43C9 /* Sources */,
				AB4A41ED1E4AEDF900EB43C9 /* Frameworks */,
				AB4A41EE1E4AEDF900EB43C9 /* Resources */,
				AB4A42061E4AEE9700EB43C9 /* ShellScript */,
				AB4A42051E4AEE2A00EB43C9 /* ShellScript */,
				9CCA25EA67B82D94603005B2 /* [CP] Embed Pods Frameworks */,
				48A7BF86A294DC0CD177194D /* [CP] Copy Pods Resources */,
			);
			buildRules = (
			);
			dependencies = (
			);
			name = lfg;
			productName = lfg;
			productReference = AB4A41F01E4AEDF900EB43C9 /* lfg.app */;
			productType = "com.apple.product-type.application";
		};
/* End PBXNativeTarget section */

/* Begin PBXProject section */
		AB4A41E81E4AEDF900EB43C9 /* Project object */ = {
			isa = PBXProject;
			attributes = {
				LastSwiftUpdateCheck = 0820;
				LastUpgradeCheck = 0820;
				ORGANIZATIONNAME = "Wim Haanstra";
				TargetAttributes = {
					AB4A41EF1E4AEDF900EB43C9 = {
						CreatedOnToolsVersion = 8.2.1;
						DevelopmentTeam = VL6GQ32BN6;
						ProvisioningStyle = Manual;
					};
				};
			};
			buildConfigurationList = AB4A41EB1E4AEDF900EB43C9 /* Build configuration list for PBXProject "lfg" */;
			compatibilityVersion = "Xcode 3.2";
			developmentRegion = English;
			hasScannedForEncodings = 0;
			knownRegions = (
				en,
				Base,
			);
			mainGroup = AB4A41E71E4AEDF900EB43C9;
			productRefGroup = AB4A41F11E4AEDF900EB43C9 /* Products */;
			projectDirPath = "";
			projectRoot = "";
			targets = (
				AB4A41EF1E4AEDF900EB43C9 /* lfg */,
			);
		};
/* End PBXProject section */

/* Begin PBXResourcesBuildPhase section */
		AB4A41EE1E4AEDF900EB43C9 /* Resources */ = {
			isa = PBXResourcesBuildPhase;
			buildActionMask = 2147483647;
			files = (
				AB4A41FE1E4AEDF900EB43C9 /* LaunchScreen.storyboard in Resources */,
				AB4A41FB1E4AEDF900EB43C9 /* Assets.xcassets in Resources */,
				ABD3552F1E556D6700529AC5 /* Lato-Regular.ttf in Resources */,
				AB4A41F91E4AEDF900EB43C9 /* Main.storyboard in Resources */,
				ABD3552E1E556D6700529AC5 /* Lato-Bold.ttf in Resources */,
			);
			runOnlyForDeploymentPostprocessing = 0;
		};
/* End PBXResourcesBuildPhase section */

/* Begin PBXShellScriptBuildPhase section */
		48A7BF86A294DC0CD177194D /* [CP] Copy Pods Resources */ = {
			isa = PBXShellScriptBuildPhase;
			buildActionMask = 2147483647;
			files = (
			);
			inputPaths = (
			);
			name = "[CP] Copy Pods Resources";
			outputPaths = (
			);
			runOnlyForDeploymentPostprocessing = 0;
			shellPath = /bin/sh;
			shellScript = "\"${SRCROOT}/Pods/Target Support Files/Pods-lfg/Pods-lfg-resources.sh\"\n";
			showEnvVarsInLog = 0;
		};
		64662D401747B0F8D0255C03 /* [CP] Check Pods Manifest.lock */ = {
			isa = PBXShellScriptBuildPhase;
			buildActionMask = 2147483647;
			files = (
			);
			inputPaths = (
			);
			name = "[CP] Check Pods Manifest.lock";
			outputPaths = (
			);
			runOnlyForDeploymentPostprocessing = 0;
			shellPath = /bin/sh;
			shellScript = "diff \"${PODS_ROOT}/../Podfile.lock\" \"${PODS_ROOT}/Manifest.lock\" > /dev/null\nif [ $? != 0 ] ; then\n    # print error to STDERR\n    echo \"error: The sandbox is not in sync with the Podfile.lock. Run 'pod install' or update your CocoaPods installation.\" >&2\n    exit 1\nfi\n";
			showEnvVarsInLog = 0;
		};
		9CCA25EA67B82D94603005B2 /* [CP] Embed Pods Frameworks */ = {
			isa = PBXShellScriptBuildPhase;
			buildActionMask = 2147483647;
			files = (
			);
			inputPaths = (
			);
			name = "[CP] Embed Pods Frameworks";
			outputPaths = (
			);
			runOnlyForDeploymentPostprocessing = 0;
			shellPath = /bin/sh;
			shellScript = "\"${SRCROOT}/Pods/Target Support Files/Pods-lfg/Pods-lfg-frameworks.sh\"\n";
			showEnvVarsInLog = 0;
		};
		AB4A42051E4AEE2A00EB43C9 /* ShellScript */ = {
			isa = PBXShellScriptBuildPhase;
			buildActionMask = 2147483647;
			files = (
			);
			inputPaths = (
			);
			outputPaths = (
			);
			runOnlyForDeploymentPostprocessing = 0;
			shellPath = /usr/bin/ruby;
			shellScript = "def get_file_as_string(filename)\ndata = ''\nf = File.open(filename, \"r\")\nf.each_line do |line|\ndata += line\nend\nreturn data\nend\n\n\ndef handle_alpha_beta(old_value, letter, infoplist, start_of_value, end_of_value)\nparts = old_value.split(letter)\nversion_num = parts[0]\nalpha_num = parts[1].to_i\n\nalpha_num = alpha_num + 1\nnew_version = version_num.to_s + letter + alpha_num.to_s\nprint \"Assigning new version: \" + new_version + \"\\n\"\nnew_key = \"<string>#{new_version}</string>\"\n\npart_1 = infoplist[0, start_of_value - '<string>'.length];\npart_2 = new_key\npart_3 = infoplist[end_of_value + \"</string>\".length, infoplist.length - (end_of_value - start_of_value + (new_key.length - 1))]\n\nnew_info_plist = part_1 + part_2 + part_3\nnew_info_plist\nend\n\ndef find_and_increment_version_number_with_key(key, infoplist)\n\nstart_of_key = infoplist.index(key)\nstart_of_value = infoplist.index(\"<string>\", start_of_key) + \"<string>\".length\nend_of_value = infoplist.index(\"</string>\", start_of_value)\nold_value = infoplist[start_of_value, end_of_value - start_of_value]\n\nprint \"Old version for \" + key + \": \" + old_value + \"\\n\"\nprint old_value.class.to_s + \"\\n\"\nold_value_int = old_value.to_i\nprint old_value_int.class.to_s + \"\\n\"\nif (old_value.index(\"a\") != nil) # alpha\ninfoplist = handle_alpha_beta(old_value, \"a\", infoplist, start_of_value, end_of_value)\nelsif (old_value.index(\"b\") != nil) # beta\ninfoplist = handle_alpha_beta(old_value, \"b\", infoplist, start_of_value, end_of_value)\nelsif (old_value.index(\".\") != nil) # release dot version\nparts = old_value.split(\".\")\nlast_part = parts.last.to_i\nlast_part = last_part + 1\nparts.delete(parts.last)\n\nnew_version = \"\"\nfirst = true\nparts.each do |one_part|\nif (first)\nfirst = false\nelse\nnew_version = new_version + \".\"\nend\nnew_version = new_version + one_part\nend\nnew_version = new_version.to_s + \".\" + last_part.to_s\nprint \"New version: \" + new_version.to_s + \"\\n\"\nnew_key = \"<string>#{new_version}</string>\"\ninfoplist = \"#{infoplist[0, start_of_value - '<string>'.length]}#{new_key}#{infoplist[end_of_value + '</string>'.length, infoplist.length - (end_of_value+1)]}\"\nelsif (old_value.to_i != nil) # straight integer build number\nnew_version = old_value.to_i + 1\nprint \"New version: \" + new_version.to_s + \"\\n\"\nnew_key = \"<string>#{new_version}</string>\"\n\npart_1 = infoplist[0, start_of_value - '<string>'.length]\npart_2 = new_key\npart_3 = infoplist[end_of_value + \"</string>\".length, infoplist.length - (end_of_value+1)]\ninfoplist = part_1 + part_2 + part_3\nend\ninfoplist\nend\n\n\n\nconfig = ENV['CONFIGURATION'].upcase\nconfig_build_dir = ENV['CONFIGURATION_BUILD_DIR']\n\narchive_action = false\nif (config_build_dir.include?(\"ArchiveIntermediates\"))\narchive_action = true\nend\n\nprint \"Archive: \" + archive_action.to_s + \"\\n\"\n\n\nprint config\n\nif (config != \"RELEASE\")\nprint \" incrementing build numbers\\n\"\nproject_dir = ENV['PROJECT_DIR']\ninfoplist_file = ENV['INFOPLIST_FILE']\nplist_filename = \"#{project_dir}/#{infoplist_file}\"\n\ninfoplist = get_file_as_string(plist_filename)\ninfoplist = find_and_increment_version_number_with_key(\"CFBundleVersion\", infoplist)\nFile.open(plist_filename, 'w') {|f| f.write(infoplist) }\nelse\nprint \" not incrementing build numbers\"\nend";
		};
		AB4A42061E4AEE9700EB43C9 /* ShellScript */ = {
			isa = PBXShellScriptBuildPhase;
			buildActionMask = 2147483647;
			files = (
			);
			inputPaths = (
			);
			outputPaths = (
			);
			runOnlyForDeploymentPostprocessing = 0;
			shellPath = /bin/sh;
			shellScript = "if which swiftlint >/dev/null; then\nswiftlint\nelse\necho \"warning: SwiftLint not installed, download from https://github.com/realm/SwiftLint\"\nfi";
		};
/* End PBXShellScriptBuildPhase section */

/* Begin PBXSourcesBuildPhase section */
		AB4A41EC1E4AEDF900EB43C9 /* Sources */ = {
			isa = PBXSourcesBuildPhase;
			buildActionMask = 2147483647;
			files = (
				AB2278AB1E5ECAB700C64AD8 /* Activity.swift in Sources */,
				AB2278B21E5ECAB700C64AD8 /* Request.swift in Sources */,
				AB2278B41E5ECAB700C64AD8 /* EurekaStyles.swift in Sources */,
				AB2278B61E5ECAB700C64AD8 /* OAuthInfo.swift in Sources */,
				AB2278C41E5ECAB700C64AD8 /* ActivityCell.swift in Sources */,
				AB2278A11E5ECAB700C64AD8 /* QueryResponse.swift in Sources */,
				AB2278C01E5ECAB700C64AD8 /* NewRequestViewController.swift in Sources */,
				AB2278C91E5ECAB700C64AD8 /* RequestTableViewCell.swift in Sources */,
				AB2278BC1E5ECAB700C64AD8 /* ActivitiesViewController.swift in Sources */,
				AB2278AC1E5ECAB700C64AD8 /* ActivityGroup.swift in Sources */,
				AB2278CB1E5ECAB700C64AD8 /* TitleSeparator.swift in Sources */,
				AB2278AF1E5ECAB700C64AD8 /* FieldOption.swift in Sources */,
				AB2278B81E5ECAB700C64AD8 /* DatatypeTransformer.swift in Sources */,
				AB2278C51E5ECAB700C64AD8 /* ActivitySectionHeader.swift in Sources */,
				AB2278A01E5ECAB700C64AD8 /* CreateRequestResponse.swift in Sources */,
				AB22789C1E5ECAB700C64AD8 /* API.swift in Sources */,
				AB2278B31E5ECAB700C64AD8 /* DataTypes.swift in Sources */,
				AB2278CA1E5ECAB700C64AD8 /* StatusPanel.swift in Sources */,
				AB2278A61E5ECAB700C64AD8 /* Ago.swift in Sources */,
				AB2278A91E5ECAB700C64AD8 /* Lato.swift in Sources */,
				AB2278A51E5ECAB700C64AD8 /* Duplicates.swift in Sources */,
				AB2278C11E5ECAB700C64AD8 /* NoActivitySelectedViewController.swift in Sources */,
				AB2278A31E5ECAB700C64AD8 /* WebsocketResponse.swift in Sources */,
				AB2278A41E5ECAB700C64AD8 /* SocketConnection.swift in Sources */,
				AB2278C31E5ECAB700C64AD8 /* RequestViewController.swift in Sources */,
				AB2278C21E5ECAB700C64AD8 /* PureLayoutSetup.swift in Sources */,
				AB2278C61E5ECAB700C64AD8 /* DiscordInfoView.swift in Sources */,
				AB2278AD1E5ECAB700C64AD8 /* Field.swift in Sources */,
				AB2278BD1E5ECAB700C64AD8 /* ActivityViewController.swift in Sources */,
				AB22789F1E5ECAB700C64AD8 /* ActivityResponse.swift in Sources */,
				AB2278A21E5ECAB700C64AD8 /* RemoveRequestResponse.swift in Sources */,
				AB2278B01E5ECAB700C64AD8 /* FieldValue.swift in Sources */,
				AB4A41F41E4AEDF900EB43C9 /* AppDelegate.swift in Sources */,
				AB22789D1E5ECAB700C64AD8 /* IconManager.swift in Sources */,
				AB2278BE1E5ECAB700C64AD8 /* ActivityViewSettingsController.swift in Sources */,
				AB2278BB1E5ECAB700C64AD8 /* ValueFinderTransformer.swift in Sources */,
				AB22789E1E5ECAB700C64AD8 /* ActivitiesResponse.swift in Sources */,
				AB2278BF1E5ECAB700C64AD8 /* BaseiPadController.swift in Sources */,
				AB2278C71E5ECAB700C64AD8 /* KeyValueView.swift in Sources */,
				AB2278B51E5ECAB700C64AD8 /* IndexPathChange.swift in Sources */,
				AB2278AE1E5ECAB700C64AD8 /* FieldGroup.swift in Sources */,
				AB2278A71E5ECAB700C64AD8 /* Size.swift in Sources */,
				AB2278B71E5ECAB700C64AD8 /* ObjectDetacher.swift in Sources */,
				AB2278AA1E5ECAB700C64AD8 /* Icon.swift in Sources */,
				AB2278B91E5ECAB700C64AD8 /* DateTransformer.swift in Sources */,
				AB2278C81E5ECAB700C64AD8 /* NoResultsView.swift in Sources */,
				AB2278B11E5ECAB700C64AD8 /* Language.swift in Sources */,
				AB2278A81E5ECAB700C64AD8 /* Hex.swift in Sources */,
				AB2278BA1E5ECAB700C64AD8 /* ListTransformer.swift in Sources */,
			);
			runOnlyForDeploymentPostprocessing = 0;
		};
/* End PBXSourcesBuildPhase section */

/* Begin PBXVariantGroup section */
		AB4A41F71E4AEDF900EB43C9 /* Main.storyboard */ = {
			isa = PBXVariantGroup;
			children = (
				AB4A41F81E4AEDF900EB43C9 /* Base */,
			);
			name = Main.storyboard;
			sourceTree = "<group>";
		};
		AB4A41FC1E4AEDF900EB43C9 /* LaunchScreen.storyboard */ = {
			isa = PBXVariantGroup;
			children = (
				AB4A41FD1E4AEDF900EB43C9 /* Base */,
			);
			name = LaunchScreen.storyboard;
			sourceTree = "<group>";
		};
/* End PBXVariantGroup section */

/* Begin XCBuildConfiguration section */
		AB4A42001E4AEDF900EB43C9 /* Debug */ = {
			isa = XCBuildConfiguration;
			buildSettings = {
				ALWAYS_SEARCH_USER_PATHS = NO;
				CLANG_ANALYZER_NONNULL = YES;
				CLANG_CXX_LANGUAGE_STANDARD = "gnu++0x";
				CLANG_CXX_LIBRARY = "libc++";
				CLANG_ENABLE_MODULES = YES;
				CLANG_ENABLE_OBJC_ARC = YES;
				CLANG_WARN_BOOL_CONVERSION = YES;
				CLANG_WARN_CONSTANT_CONVERSION = YES;
				CLANG_WARN_DIRECT_OBJC_ISA_USAGE = YES_ERROR;
				CLANG_WARN_DOCUMENTATION_COMMENTS = YES;
				CLANG_WARN_EMPTY_BODY = YES;
				CLANG_WARN_ENUM_CONVERSION = YES;
				CLANG_WARN_INFINITE_RECURSION = YES;
				CLANG_WARN_INT_CONVERSION = YES;
				CLANG_WARN_OBJC_ROOT_CLASS = YES_ERROR;
				CLANG_WARN_SUSPICIOUS_MOVE = YES;
				CLANG_WARN_UNREACHABLE_CODE = YES;
				CLANG_WARN__DUPLICATE_METHOD_MATCH = YES;
				"CODE_SIGN_IDENTITY[sdk=iphoneos*]" = "iPhone Developer";
				COPY_PHASE_STRIP = NO;
				DEBUG_INFORMATION_FORMAT = dwarf;
				ENABLE_STRICT_OBJC_MSGSEND = YES;
				ENABLE_TESTABILITY = YES;
				GCC_C_LANGUAGE_STANDARD = gnu99;
				GCC_DYNAMIC_NO_PIC = NO;
				GCC_NO_COMMON_BLOCKS = YES;
				GCC_OPTIMIZATION_LEVEL = 0;
				GCC_PREPROCESSOR_DEFINITIONS = (
					"DEBUG=1",
					"$(inherited)",
				);
				GCC_WARN_64_TO_32_BIT_CONVERSION = YES;
				GCC_WARN_ABOUT_RETURN_TYPE = YES_ERROR;
				GCC_WARN_UNDECLARED_SELECTOR = YES;
				GCC_WARN_UNINITIALIZED_AUTOS = YES_AGGRESSIVE;
				GCC_WARN_UNUSED_FUNCTION = YES;
				GCC_WARN_UNUSED_VARIABLE = YES;
				IPHONEOS_DEPLOYMENT_TARGET = 10.2;
				MTL_ENABLE_DEBUG_INFO = YES;
				ONLY_ACTIVE_ARCH = YES;
				SDKROOT = iphoneos;
				SWIFT_ACTIVE_COMPILATION_CONDITIONS = DEBUG;
				SWIFT_OPTIMIZATION_LEVEL = "-Onone";
				TARGETED_DEVICE_FAMILY = "1,2";
			};
			name = Debug;
		};
		AB4A42011E4AEDF900EB43C9 /* Release */ = {
			isa = XCBuildConfiguration;
			buildSettings = {
				ALWAYS_SEARCH_USER_PATHS = NO;
				CLANG_ANALYZER_NONNULL = YES;
				CLANG_CXX_LANGUAGE_STANDARD = "gnu++0x";
				CLANG_CXX_LIBRARY = "libc++";
				CLANG_ENABLE_MODULES = YES;
				CLANG_ENABLE_OBJC_ARC = YES;
				CLANG_WARN_BOOL_CONVERSION = YES;
				CLANG_WARN_CONSTANT_CONVERSION = YES;
				CLANG_WARN_DIRECT_OBJC_ISA_USAGE = YES_ERROR;
				CLANG_WARN_DOCUMENTATION_COMMENTS = YES;
				CLANG_WARN_EMPTY_BODY = YES;
				CLANG_WARN_ENUM_CONVERSION = YES;
				CLANG_WARN_INFINITE_RECURSION = YES;
				CLANG_WARN_INT_CONVERSION = YES;
				CLANG_WARN_OBJC_ROOT_CLASS = YES_ERROR;
				CLANG_WARN_SUSPICIOUS_MOVE = YES;
				CLANG_WARN_UNREACHABLE_CODE = YES;
				CLANG_WARN__DUPLICATE_METHOD_MATCH = YES;
				"CODE_SIGN_IDENTITY[sdk=iphoneos*]" = "iPhone Developer";
				COPY_PHASE_STRIP = NO;
				DEBUG_INFORMATION_FORMAT = "dwarf-with-dsym";
				ENABLE_NS_ASSERTIONS = NO;
				ENABLE_STRICT_OBJC_MSGSEND = YES;
				GCC_C_LANGUAGE_STANDARD = gnu99;
				GCC_NO_COMMON_BLOCKS = YES;
				GCC_WARN_64_TO_32_BIT_CONVERSION = YES;
				GCC_WARN_ABOUT_RETURN_TYPE = YES_ERROR;
				GCC_WARN_UNDECLARED_SELECTOR = YES;
				GCC_WARN_UNINITIALIZED_AUTOS = YES_AGGRESSIVE;
				GCC_WARN_UNUSED_FUNCTION = YES;
				GCC_WARN_UNUSED_VARIABLE = YES;
				IPHONEOS_DEPLOYMENT_TARGET = 10.2;
				MTL_ENABLE_DEBUG_INFO = NO;
				SDKROOT = iphoneos;
				SWIFT_OPTIMIZATION_LEVEL = "-Owholemodule";
				TARGETED_DEVICE_FAMILY = "1,2";
				VALIDATE_PRODUCT = YES;
			};
			name = Release;
		};
		AB4A42031E4AEDFA00EB43C9 /* Debug */ = {
			isa = XCBuildConfiguration;
			baseConfigurationReference = B969099067711FE26ED9AC37 /* Pods-lfg.debug.xcconfig */;
			buildSettings = {
				ASSETCATALOG_COMPILER_APPICON_NAME = AppIcon;
				"CODE_SIGN_IDENTITY[sdk=iphoneos*]" = "iPhone Developer";
				DEVELOPMENT_TEAM = VL6GQ32BN6;
				INFOPLIST_FILE = lfg/Info.plist;
				IPHONEOS_DEPLOYMENT_TARGET = 9.0;
				LD_RUNPATH_SEARCH_PATHS = "$(inherited) @executable_path/Frameworks";
				PRODUCT_BUNDLE_IDENTIFIER = com.sortedbits.lfg;
				PRODUCT_NAME = "$(TARGET_NAME)";
				PROVISIONING_PROFILE = "e3e95e3e-d02e-43ca-9ce3-67d3c8ecab44";
				PROVISIONING_PROFILE_SPECIFIER = "LFG Pub Development";
				SWIFT_VERSION = 3.0;
			};
			name = Debug;
		};
		AB4A42041E4AEDFA00EB43C9 /* Release */ = {
			isa = XCBuildConfiguration;
			baseConfigurationReference = BAE1A5B43F070FAE8A142692 /* Pods-lfg.release.xcconfig */;
			buildSettings = {
				ASSETCATALOG_COMPILER_APPICON_NAME = AppIcon;
				"CODE_SIGN_IDENTITY[sdk=iphoneos*]" = "iPhone Distribution";
				DEVELOPMENT_TEAM = VL6GQ32BN6;
				INFOPLIST_FILE = lfg/Info.plist;
				IPHONEOS_DEPLOYMENT_TARGET = 9.0;
				LD_RUNPATH_SEARCH_PATHS = "$(inherited) @executable_path/Frameworks";
				PRODUCT_BUNDLE_IDENTIFIER = com.sortedbits.lfg;
				PRODUCT_NAME = "$(TARGET_NAME)";
				PROVISIONING_PROFILE = "7499f22d-e391-4ba1-a1fb-e98d63267c5d";
				PROVISIONING_PROFILE_SPECIFIER = "LFG Pub Appstore";
				SWIFT_VERSION = 3.0;
			};
			name = Release;
		};
/* End XCBuildConfiguration section */

/* Begin XCConfigurationList section */
		AB4A41EB1E4AEDF900EB43C9 /* Build configuration list for PBXProject "lfg" */ = {
			isa = XCConfigurationList;
			buildConfigurations = (
				AB4A42001E4AEDF900EB43C9 /* Debug */,
				AB4A42011E4AEDF900EB43C9 /* Release */,
			);
			defaultConfigurationIsVisible = 0;
			defaultConfigurationName = Release;
		};
		AB4A42021E4AEDFA00EB43C9 /* Build configuration list for PBXNativeTarget "lfg" */ = {
			isa = XCConfigurationList;
			buildConfigurations = (
				AB4A42031E4AEDFA00EB43C9 /* Debug */,
				AB4A42041E4AEDFA00EB43C9 /* Release */,
			);
			defaultConfigurationIsVisible = 0;
			defaultConfigurationName = Release;
		};
/* End XCConfigurationList section */
	};
	rootObject = AB4A41E81E4AEDF900EB43C9 /* Project object */;
}
