// !$*UTF8*$!
{
	archiveVersion = 1;
	classes = {
	};
	objectVersion = 46;
	objects = {

/* Begin PBXBuildFile section */
		AB3404B61E5610D100586DAE /* Date+Ago.swift in Sources */ = {isa = PBXBuildFile; fileRef = AB3404B51E5610D100586DAE /* Date+Ago.swift */; };
		AB3404B81E56283F00586DAE /* ActivityCell.swift in Sources */ = {isa = PBXBuildFile; fileRef = AB3404B71E56283F00586DAE /* ActivityCell.swift */; };
		AB498B8B1E4F375500B9DD10 /* Request.swift in Sources */ = {isa = PBXBuildFile; fileRef = AB498B8A1E4F375500B9DD10 /* Request.swift */; };
		AB498B8D1E4F422A00B9DD10 /* QueryResponse.swift in Sources */ = {isa = PBXBuildFile; fileRef = AB498B8C1E4F422A00B9DD10 /* QueryResponse.swift */; };
		AB498B8F1E4F458600B9DD10 /* FieldValue.swift in Sources */ = {isa = PBXBuildFile; fileRef = AB498B8E1E4F458600B9DD10 /* FieldValue.swift */; };
		AB498B911E4F470200B9DD10 /* ValueFinderTransformer.swift in Sources */ = {isa = PBXBuildFile; fileRef = AB498B901E4F470200B9DD10 /* ValueFinderTransformer.swift */; };
		AB4A41F41E4AEDF900EB43C9 /* AppDelegate.swift in Sources */ = {isa = PBXBuildFile; fileRef = AB4A41F31E4AEDF900EB43C9 /* AppDelegate.swift */; };
		AB4A41F91E4AEDF900EB43C9 /* Main.storyboard in Resources */ = {isa = PBXBuildFile; fileRef = AB4A41F71E4AEDF900EB43C9 /* Main.storyboard */; };
		AB4A41FB1E4AEDF900EB43C9 /* Assets.xcassets in Resources */ = {isa = PBXBuildFile; fileRef = AB4A41FA1E4AEDF900EB43C9 /* Assets.xcassets */; };
		AB4A41FE1E4AEDF900EB43C9 /* LaunchScreen.storyboard in Resources */ = {isa = PBXBuildFile; fileRef = AB4A41FC1E4AEDF900EB43C9 /* LaunchScreen.storyboard */; };
		AB4CB9961E58203700842BCE /* Array+Duplicates.swift in Sources */ = {isa = PBXBuildFile; fileRef = AB4CB9951E58203700842BCE /* Array+Duplicates.swift */; };
		AB4CB9981E599DF200842BCE /* NewRequestViewController.swift in Sources */ = {isa = PBXBuildFile; fileRef = AB4CB9971E599DF200842BCE /* NewRequestViewController.swift */; };
		AB4CB99A1E5B21AE00842BCE /* OAuthInfo.swift in Sources */ = {isa = PBXBuildFile; fileRef = AB4CB9991E5B21AE00842BCE /* OAuthInfo.swift */; };
		AB4CB99C1E5B34EC00842BCE /* CreateRequestResponse.swift in Sources */ = {isa = PBXBuildFile; fileRef = AB4CB99B1E5B34EC00842BCE /* CreateRequestResponse.swift */; };
		AB4CB99E1E5B7DF700842BCE /* RemoveRequestResponse.swift in Sources */ = {isa = PBXBuildFile; fileRef = AB4CB99D1E5B7DF700842BCE /* RemoveRequestResponse.swift */; };
		AB4CB9A01E5C003B00842BCE /* ActivitySectionHeader.swift in Sources */ = {isa = PBXBuildFile; fileRef = AB4CB99F1E5C003B00842BCE /* ActivitySectionHeader.swift */; };
		AB4CB9A21E5C0C1C00842BCE /* IndexPathChange.swift in Sources */ = {isa = PBXBuildFile; fileRef = AB4CB9A11E5C0C1C00842BCE /* IndexPathChange.swift */; };
		AB6D2F951E531CD5002F1A0F /* RequestTableViewCell.swift in Sources */ = {isa = PBXBuildFile; fileRef = AB6D2F941E531CD5002F1A0F /* RequestTableViewCell.swift */; };
		AB6D2F981E531EC7002F1A0F /* UIColor+Hex.swift in Sources */ = {isa = PBXBuildFile; fileRef = AB6D2F971E531EC7002F1A0F /* UIColor+Hex.swift */; };
		AB7DC0BA1E4AF04300B04AB2 /* API.swift in Sources */ = {isa = PBXBuildFile; fileRef = AB7DC0B91E4AF04300B04AB2 /* API.swift */; };
		AB9032911E4CA20D00FE9A69 /* SocketConnection.swift in Sources */ = {isa = PBXBuildFile; fileRef = AB9032901E4CA20D00FE9A69 /* SocketConnection.swift */; };
		AB95533A1E52E0740065D3FF /* WebsocketResponse.swift in Sources */ = {isa = PBXBuildFile; fileRef = AB9553391E52E0740065D3FF /* WebsocketResponse.swift */; };
		AB95533C1E52E7290065D3FF /* RequestViewController.swift in Sources */ = {isa = PBXBuildFile; fileRef = AB95533B1E52E7290065D3FF /* RequestViewController.swift */; };
		ABCBB46A1E4D8C7200E242FF /* ActivityViewSettingsController.swift in Sources */ = {isa = PBXBuildFile; fileRef = ABCBB4691E4D8C7200E242FF /* ActivityViewSettingsController.swift */; };
		ABD2CA5B1E4C61D500016887 /* ActivityResponse.swift in Sources */ = {isa = PBXBuildFile; fileRef = ABD2CA5A1E4C61D500016887 /* ActivityResponse.swift */; };
		ABD2CA5D1E4C672200016887 /* DataTypes.swift in Sources */ = {isa = PBXBuildFile; fileRef = ABD2CA5C1E4C672200016887 /* DataTypes.swift */; };
		ABD2CA5F1E4C68D100016887 /* DatatypeTransformer.swift in Sources */ = {isa = PBXBuildFile; fileRef = ABD2CA5E1E4C68D100016887 /* DatatypeTransformer.swift */; };
		ABD2CA611E4C6A3B00016887 /* ListTransformer.swift in Sources */ = {isa = PBXBuildFile; fileRef = ABD2CA601E4C6A3B00016887 /* ListTransformer.swift */; };
		ABD2CA651E4C7D7A00016887 /* ActivityViewController.swift in Sources */ = {isa = PBXBuildFile; fileRef = ABD2CA641E4C7D7A00016887 /* ActivityViewController.swift */; };
		ABD355241E542A1C00529AC5 /* UIImage+Icon.swift in Sources */ = {isa = PBXBuildFile; fileRef = ABD355231E542A1C00529AC5 /* UIImage+Icon.swift */; };
		ABD355261E54C93B00529AC5 /* IconManager.swift in Sources */ = {isa = PBXBuildFile; fileRef = ABD355251E54C93B00529AC5 /* IconManager.swift */; };
		ABD355281E555F2C00529AC5 /* TitleSeparator.swift in Sources */ = {isa = PBXBuildFile; fileRef = ABD355271E555F2C00529AC5 /* TitleSeparator.swift */; };
		ABD3552A1E55685600529AC5 /* String+Size.swift in Sources */ = {isa = PBXBuildFile; fileRef = ABD355291E55685600529AC5 /* String+Size.swift */; };
		ABD3552E1E556D6700529AC5 /* Lato-Bold.ttf in Resources */ = {isa = PBXBuildFile; fileRef = ABD3552C1E556D6700529AC5 /* Lato-Bold.ttf */; };
		ABD3552F1E556D6700529AC5 /* Lato-Regular.ttf in Resources */ = {isa = PBXBuildFile; fileRef = ABD3552D1E556D6700529AC5 /* Lato-Regular.ttf */; };
		ABD355311E556DB100529AC5 /* UIFont+Lato.swift in Sources */ = {isa = PBXBuildFile; fileRef = ABD355301E556DB100529AC5 /* UIFont+Lato.swift */; };
		ABD355331E5580F700529AC5 /* StatusPanel.swift in Sources */ = {isa = PBXBuildFile; fileRef = ABD355321E5580F700529AC5 /* StatusPanel.swift */; };
		ABD355351E5598F600529AC5 /* PureLayoutSetup.swift in Sources */ = {isa = PBXBuildFile; fileRef = ABD355341E5598F600529AC5 /* PureLayoutSetup.swift */; };
		ABEFABCA1E57109800328A86 /* DiscordInfoView.swift in Sources */ = {isa = PBXBuildFile; fileRef = ABEFABC91E57109800328A86 /* DiscordInfoView.swift */; };
		ABEFABCC1E57394B00328A86 /* NoResultsView.swift in Sources */ = {isa = PBXBuildFile; fileRef = ABEFABCB1E57394B00328A86 /* NoResultsView.swift */; };
		ABEFABCF1E57836000328A86 /* ObjectDetacher.swift in Sources */ = {isa = PBXBuildFile; fileRef = ABEFABCE1E57836000328A86 /* ObjectDetacher.swift */; };
		ABFDC0B91E4AFBDE00570645 /* ActivitiesViewController.swift in Sources */ = {isa = PBXBuildFile; fileRef = ABFDC0B81E4AFBDE00570645 /* ActivitiesViewController.swift */; };
		ABFDC0BC1E4B8BB800570645 /* Activity.swift in Sources */ = {isa = PBXBuildFile; fileRef = ABFDC0BB1E4B8BB800570645 /* Activity.swift */; };
		ABFDC0BE1E4B8CD900570645 /* Language.swift in Sources */ = {isa = PBXBuildFile; fileRef = ABFDC0BD1E4B8CD900570645 /* Language.swift */; };
		ABFDC0C01E4B8D4600570645 /* ActivityGroup.swift in Sources */ = {isa = PBXBuildFile; fileRef = ABFDC0BF1E4B8D4600570645 /* ActivityGroup.swift */; };
		ABFDC0C21E4B8DDC00570645 /* Field.swift in Sources */ = {isa = PBXBuildFile; fileRef = ABFDC0C11E4B8DDC00570645 /* Field.swift */; };
		ABFDC0C41E4B8FA200570645 /* FieldGroup.swift in Sources */ = {isa = PBXBuildFile; fileRef = ABFDC0C31E4B8FA200570645 /* FieldGroup.swift */; };
		ABFDC0C61E4B901800570645 /* FieldOption.swift in Sources */ = {isa = PBXBuildFile; fileRef = ABFDC0C51E4B901800570645 /* FieldOption.swift */; };
		ABFDC0C81E4B993000570645 /* ActivitiesResponse.swift in Sources */ = {isa = PBXBuildFile; fileRef = ABFDC0C71E4B993000570645 /* ActivitiesResponse.swift */; };
		ABFDC0CB1E4C459E00570645 /* DateTransformer.swift in Sources */ = {isa = PBXBuildFile; fileRef = ABFDC0CA1E4C459E00570645 /* DateTransformer.swift */; };
		D29EB9A73A6C145E1882BEC6 /* Pods_lfg.framework in Frameworks */ = {isa = PBXBuildFile; fileRef = DAED4591C4EC09E53AE2B204 /* Pods_lfg.framework */; };
/* End PBXBuildFile section */

/* Begin PBXFileReference section */
		AB3404B51E5610D100586DAE /* Date+Ago.swift */ = {isa = PBXFileReference; fileEncoding = 4; lastKnownFileType = sourcecode.swift; name = "Date+Ago.swift"; path = "Extensions/Date+Ago.swift"; sourceTree = "<group>"; };
		AB3404B71E56283F00586DAE /* ActivityCell.swift */ = {isa = PBXFileReference; fileEncoding = 4; lastKnownFileType = sourcecode.swift; name = ActivityCell.swift; path = Views/ActivityCell.swift; sourceTree = "<group>"; };
		AB498B8A1E4F375500B9DD10 /* Request.swift */ = {isa = PBXFileReference; fileEncoding = 4; lastKnownFileType = sourcecode.swift; path = Request.swift; sourceTree = "<group>"; };
		AB498B8C1E4F422A00B9DD10 /* QueryResponse.swift */ = {isa = PBXFileReference; fileEncoding = 4; lastKnownFileType = sourcecode.swift; path = QueryResponse.swift; sourceTree = "<group>"; };
		AB498B8E1E4F458600B9DD10 /* FieldValue.swift */ = {isa = PBXFileReference; fileEncoding = 4; lastKnownFileType = sourcecode.swift; path = FieldValue.swift; sourceTree = "<group>"; };
		AB498B901E4F470200B9DD10 /* ValueFinderTransformer.swift */ = {isa = PBXFileReference; fileEncoding = 4; lastKnownFileType = sourcecode.swift; name = ValueFinderTransformer.swift; path = Transformers/ValueFinderTransformer.swift; sourceTree = "<group>"; };
		AB4A41F01E4AEDF900EB43C9 /* lfg.app */ = {isa = PBXFileReference; explicitFileType = wrapper.application; includeInIndex = 0; path = lfg.app; sourceTree = BUILT_PRODUCTS_DIR; };
		AB4A41F31E4AEDF900EB43C9 /* AppDelegate.swift */ = {isa = PBXFileReference; lastKnownFileType = sourcecode.swift; path = AppDelegate.swift; sourceTree = "<group>"; };
		AB4A41F81E4AEDF900EB43C9 /* Base */ = {isa = PBXFileReference; lastKnownFileType = file.storyboard; name = Base; path = Base.lproj/Main.storyboard; sourceTree = "<group>"; };
		AB4A41FA1E4AEDF900EB43C9 /* Assets.xcassets */ = {isa = PBXFileReference; lastKnownFileType = folder.assetcatalog; path = Assets.xcassets; sourceTree = "<group>"; };
		AB4A41FD1E4AEDF900EB43C9 /* Base */ = {isa = PBXFileReference; lastKnownFileType = file.storyboard; name = Base; path = Base.lproj/LaunchScreen.storyboard; sourceTree = "<group>"; };
		AB4A41FF1E4AEDF900EB43C9 /* Info.plist */ = {isa = PBXFileReference; lastKnownFileType = text.plist.xml; path = Info.plist; sourceTree = "<group>"; };
		AB4CB9951E58203700842BCE /* Array+Duplicates.swift */ = {isa = PBXFileReference; fileEncoding = 4; lastKnownFileType = sourcecode.swift; name = "Array+Duplicates.swift"; path = "Extensions/Array+Duplicates.swift"; sourceTree = "<group>"; };
		AB4CB9971E599DF200842BCE /* NewRequestViewController.swift */ = {isa = PBXFileReference; fileEncoding = 4; lastKnownFileType = sourcecode.swift; path = NewRequestViewController.swift; sourceTree = "<group>"; };
		AB4CB9991E5B21AE00842BCE /* OAuthInfo.swift */ = {isa = PBXFileReference; fileEncoding = 4; lastKnownFileType = sourcecode.swift; path = OAuthInfo.swift; sourceTree = "<group>"; };
		AB4CB99B1E5B34EC00842BCE /* CreateRequestResponse.swift */ = {isa = PBXFileReference; fileEncoding = 4; lastKnownFileType = sourcecode.swift; path = CreateRequestResponse.swift; sourceTree = "<group>"; };
		AB4CB99D1E5B7DF700842BCE /* RemoveRequestResponse.swift */ = {isa = PBXFileReference; fileEncoding = 4; lastKnownFileType = sourcecode.swift; path = RemoveRequestResponse.swift; sourceTree = "<group>"; };
		AB4CB99F1E5C003B00842BCE /* ActivitySectionHeader.swift */ = {isa = PBXFileReference; fileEncoding = 4; lastKnownFileType = sourcecode.swift; name = ActivitySectionHeader.swift; path = Views/ActivitySectionHeader.swift; sourceTree = "<group>"; };
		AB4CB9A11E5C0C1C00842BCE /* IndexPathChange.swift */ = {isa = PBXFileReference; fileEncoding = 4; lastKnownFileType = sourcecode.swift; path = IndexPathChange.swift; sourceTree = "<group>"; };
		AB6D2F941E531CD5002F1A0F /* RequestTableViewCell.swift */ = {isa = PBXFileReference; fileEncoding = 4; lastKnownFileType = sourcecode.swift; name = RequestTableViewCell.swift; path = Views/RequestTableViewCell.swift; sourceTree = "<group>"; };
		AB6D2F971E531EC7002F1A0F /* UIColor+Hex.swift */ = {isa = PBXFileReference; fileEncoding = 4; lastKnownFileType = sourcecode.swift; name = "UIColor+Hex.swift"; path = "UIColor/UIColor+Hex.swift"; sourceTree = "<group>"; };
		AB7DC0B91E4AF04300B04AB2 /* API.swift */ = {isa = PBXFileReference; fileEncoding = 4; lastKnownFileType = sourcecode.swift; path = API.swift; sourceTree = "<group>"; };
		AB9032901E4CA20D00FE9A69 /* SocketConnection.swift */ = {isa = PBXFileReference; fileEncoding = 4; lastKnownFileType = sourcecode.swift; path = SocketConnection.swift; sourceTree = "<group>"; };
		AB9553391E52E0740065D3FF /* WebsocketResponse.swift */ = {isa = PBXFileReference; fileEncoding = 4; lastKnownFileType = sourcecode.swift; path = WebsocketResponse.swift; sourceTree = "<group>"; };
		AB95533B1E52E7290065D3FF /* RequestViewController.swift */ = {isa = PBXFileReference; fileEncoding = 4; lastKnownFileType = sourcecode.swift; path = RequestViewController.swift; sourceTree = "<group>"; };
		ABCBB4691E4D8C7200E242FF /* ActivityViewSettingsController.swift */ = {isa = PBXFileReference; fileEncoding = 4; lastKnownFileType = sourcecode.swift; path = ActivityViewSettingsController.swift; sourceTree = "<group>"; };
		ABD2CA5A1E4C61D500016887 /* ActivityResponse.swift */ = {isa = PBXFileReference; fileEncoding = 4; lastKnownFileType = sourcecode.swift; path = ActivityResponse.swift; sourceTree = "<group>"; };
		ABD2CA5C1E4C672200016887 /* DataTypes.swift */ = {isa = PBXFileReference; fileEncoding = 4; lastKnownFileType = sourcecode.swift; name = DataTypes.swift; path = Classes/DataTypes.swift; sourceTree = "<group>"; };
		ABD2CA5E1E4C68D100016887 /* DatatypeTransformer.swift */ = {isa = PBXFileReference; fileEncoding = 4; lastKnownFileType = sourcecode.swift; name = DatatypeTransformer.swift; path = Transformers/DatatypeTransformer.swift; sourceTree = "<group>"; };
		ABD2CA601E4C6A3B00016887 /* ListTransformer.swift */ = {isa = PBXFileReference; fileEncoding = 4; lastKnownFileType = sourcecode.swift; name = ListTransformer.swift; path = Transformers/ListTransformer.swift; sourceTree = "<group>"; };
		ABD2CA641E4C7D7A00016887 /* ActivityViewController.swift */ = {isa = PBXFileReference; fileEncoding = 4; lastKnownFileType = sourcecode.swift; path = ActivityViewController.swift; sourceTree = "<group>"; };
		ABD355231E542A1C00529AC5 /* UIImage+Icon.swift */ = {isa = PBXFileReference; fileEncoding = 4; lastKnownFileType = sourcecode.swift; name = "UIImage+Icon.swift"; path = "Extensions/UIImage/UIImage+Icon.swift"; sourceTree = "<group>"; };
		ABD355251E54C93B00529AC5 /* IconManager.swift */ = {isa = PBXFileReference; fileEncoding = 4; lastKnownFileType = sourcecode.swift; path = IconManager.swift; sourceTree = "<group>"; };
		ABD355271E555F2C00529AC5 /* TitleSeparator.swift */ = {isa = PBXFileReference; fileEncoding = 4; lastKnownFileType = sourcecode.swift; name = TitleSeparator.swift; path = Views/TitleSeparator.swift; sourceTree = "<group>"; };
		ABD355291E55685600529AC5 /* String+Size.swift */ = {isa = PBXFileReference; fileEncoding = 4; lastKnownFileType = sourcecode.swift; name = "String+Size.swift"; path = "Extensions/String+Size.swift"; sourceTree = "<group>"; };
		ABD3552C1E556D6700529AC5 /* Lato-Bold.ttf */ = {isa = PBXFileReference; lastKnownFileType = file; path = "Lato-Bold.ttf"; sourceTree = "<group>"; };
		ABD3552D1E556D6700529AC5 /* Lato-Regular.ttf */ = {isa = PBXFileReference; lastKnownFileType = file; path = "Lato-Regular.ttf"; sourceTree = "<group>"; };
		ABD355301E556DB100529AC5 /* UIFont+Lato.swift */ = {isa = PBXFileReference; fileEncoding = 4; lastKnownFileType = sourcecode.swift; name = "UIFont+Lato.swift"; path = "Extensions/UIFont+Lato.swift"; sourceTree = "<group>"; };
		ABD355321E5580F700529AC5 /* StatusPanel.swift */ = {isa = PBXFileReference; fileEncoding = 4; lastKnownFileType = sourcecode.swift; name = StatusPanel.swift; path = Views/StatusPanel.swift; sourceTree = "<group>"; };
		ABD355341E5598F600529AC5 /* PureLayoutSetup.swift */ = {isa = PBXFileReference; fileEncoding = 4; lastKnownFileType = sourcecode.swift; path = PureLayoutSetup.swift; sourceTree = "<group>"; };
		ABEFABC91E57109800328A86 /* DiscordInfoView.swift */ = {isa = PBXFileReference; fileEncoding = 4; lastKnownFileType = sourcecode.swift; name = DiscordInfoView.swift; path = Views/DiscordInfoView.swift; sourceTree = "<group>"; };
		ABEFABCB1E57394B00328A86 /* NoResultsView.swift */ = {isa = PBXFileReference; fileEncoding = 4; lastKnownFileType = sourcecode.swift; name = NoResultsView.swift; path = Views/NoResultsView.swift; sourceTree = "<group>"; };
		ABEFABCE1E57836000328A86 /* ObjectDetacher.swift */ = {isa = PBXFileReference; fileEncoding = 4; lastKnownFileType = sourcecode.swift; name = ObjectDetacher.swift; path = Extensions/ObjectDetacher.swift; sourceTree = "<group>"; };
		ABFDC0B81E4AFBDE00570645 /* ActivitiesViewController.swift */ = {isa = PBXFileReference; fileEncoding = 4; lastKnownFileType = sourcecode.swift; path = ActivitiesViewController.swift; sourceTree = "<group>"; };
		ABFDC0BB1E4B8BB800570645 /* Activity.swift */ = {isa = PBXFileReference; fileEncoding = 4; lastKnownFileType = sourcecode.swift; path = Activity.swift; sourceTree = "<group>"; };
		ABFDC0BD1E4B8CD900570645 /* Language.swift */ = {isa = PBXFileReference; fileEncoding = 4; lastKnownFileType = sourcecode.swift; path = Language.swift; sourceTree = "<group>"; };
		ABFDC0BF1E4B8D4600570645 /* ActivityGroup.swift */ = {isa = PBXFileReference; fileEncoding = 4; lastKnownFileType = sourcecode.swift; path = ActivityGroup.swift; sourceTree = "<group>"; };
		ABFDC0C11E4B8DDC00570645 /* Field.swift */ = {isa = PBXFileReference; fileEncoding = 4; lastKnownFileType = sourcecode.swift; path = Field.swift; sourceTree = "<group>"; };
		ABFDC0C31E4B8FA200570645 /* FieldGroup.swift */ = {isa = PBXFileReference; fileEncoding = 4; lastKnownFileType = sourcecode.swift; path = FieldGroup.swift; sourceTree = "<group>"; };
		ABFDC0C51E4B901800570645 /* FieldOption.swift */ = {isa = PBXFileReference; fileEncoding = 4; lastKnownFileType = sourcecode.swift; path = FieldOption.swift; sourceTree = "<group>"; };
		ABFDC0C71E4B993000570645 /* ActivitiesResponse.swift */ = {isa = PBXFileReference; fileEncoding = 4; lastKnownFileType = sourcecode.swift; path = ActivitiesResponse.swift; sourceTree = "<group>"; };
		ABFDC0CA1E4C459E00570645 /* DateTransformer.swift */ = {isa = PBXFileReference; fileEncoding = 4; lastKnownFileType = sourcecode.swift; name = DateTransformer.swift; path = Transformers/DateTransformer.swift; sourceTree = "<group>"; };
		B969099067711FE26ED9AC37 /* Pods-lfg.debug.xcconfig */ = {isa = PBXFileReference; includeInIndex = 1; lastKnownFileType = text.xcconfig; name = "Pods-lfg.debug.xcconfig"; path = "Pods/Target Support Files/Pods-lfg/Pods-lfg.debug.xcconfig"; sourceTree = "<group>"; };
		BAE1A5B43F070FAE8A142692 /* Pods-lfg.release.xcconfig */ = {isa = PBXFileReference; includeInIndex = 1; lastKnownFileType = text.xcconfig; name = "Pods-lfg.release.xcconfig"; path = "Pods/Target Support Files/Pods-lfg/Pods-lfg.release.xcconfig"; sourceTree = "<group>"; };
		DAED4591C4EC09E53AE2B204 /* Pods_lfg.framework */ = {isa = PBXFileReference; explicitFileType = wrapper.framework; includeInIndex = 0; path = Pods_lfg.framework; sourceTree = BUILT_PRODUCTS_DIR; };
/* End PBXFileReference section */

/* Begin PBXFrameworksBuildPhase section */
		AB4A41ED1E4AEDF900EB43C9 /* Frameworks */ = {
			isa = PBXFrameworksBuildPhase;
			buildActionMask = 2147483647;
			files = (
				D29EB9A73A6C145E1882BEC6 /* Pods_lfg.framework in Frameworks */,
			);
			runOnlyForDeploymentPostprocessing = 0;
		};
/* End PBXFrameworksBuildPhase section */

/* Begin PBXGroup section */
		189AAAEE6C483B41C579082F /* Pods */ = {
			isa = PBXGroup;
			children = (
				B969099067711FE26ED9AC37 /* Pods-lfg.debug.xcconfig */,
				BAE1A5B43F070FAE8A142692 /* Pods-lfg.release.xcconfig */,
			);
			name = Pods;
			sourceTree = "<group>";
		};
		89662BA3A6E14E01E367E136 /* Frameworks */ = {
			isa = PBXGroup;
			children = (
				DAED4591C4EC09E53AE2B204 /* Pods_lfg.framework */,
			);
			name = Frameworks;
			sourceTree = "<group>";
		};
		AB498B861E4EFA2300B9DD10 /* Assets */ = {
			isa = PBXGroup;
			children = (
				ABD3552B1E556D6700529AC5 /* Fonts */,
			);
			path = Assets;
			sourceTree = "<group>";
		};
		AB4A41E71E4AEDF900EB43C9 = {
			isa = PBXGroup;
			children = (
				AB4A41F21E4AEDF900EB43C9 /* lfg */,
				AB4A41F11E4AEDF900EB43C9 /* Products */,
				189AAAEE6C483B41C579082F /* Pods */,
				89662BA3A6E14E01E367E136 /* Frameworks */,
			);
			sourceTree = "<group>";
		};
		AB4A41F11E4AEDF900EB43C9 /* Products */ = {
			isa = PBXGroup;
			children = (
				AB4A41F01E4AEDF900EB43C9 /* lfg.app */,
			);
			name = Products;
			sourceTree = "<group>";
		};
		AB4A41F21E4AEDF900EB43C9 /* lfg */ = {
			isa = PBXGroup;
			children = (
				AB498B861E4EFA2300B9DD10 /* Assets */,
				AB7DC0B71E4AF03700B04AB2 /* Classes */,
				ABD2CA5C1E4C672200016887 /* DataTypes.swift */,
				AB4A41F31E4AEDF900EB43C9 /* AppDelegate.swift */,
				AB4A41F71E4AEDF900EB43C9 /* Main.storyboard */,
				AB4A41FA1E4AEDF900EB43C9 /* Assets.xcassets */,
				AB4A41FC1E4AEDF900EB43C9 /* LaunchScreen.storyboard */,
				AB4A41FF1E4AEDF900EB43C9 /* Info.plist */,
			);
			path = lfg;
			sourceTree = "<group>";
		};
		AB6D2F931E531CAE002F1A0F /* Views */ = {
			isa = PBXGroup;
			children = (
				AB3404B71E56283F00586DAE /* ActivityCell.swift */,
				ABEFABC91E57109800328A86 /* DiscordInfoView.swift */,
				AB6D2F941E531CD5002F1A0F /* RequestTableViewCell.swift */,
				ABD355321E5580F700529AC5 /* StatusPanel.swift */,
				ABD355271E555F2C00529AC5 /* TitleSeparator.swift */,
				ABEFABCB1E57394B00328A86 /* NoResultsView.swift */,
				AB4CB99F1E5C003B00842BCE /* ActivitySectionHeader.swift */,
			);
			name = Views;
			sourceTree = "<group>";
		};
		AB6D2F961E531EB4002F1A0F /* Extensions */ = {
			isa = PBXGroup;
			children = (
				AB6D2F971E531EC7002F1A0F /* UIColor+Hex.swift */,
				ABD355231E542A1C00529AC5 /* UIImage+Icon.swift */,
				ABD355291E55685600529AC5 /* String+Size.swift */,
				ABD355301E556DB100529AC5 /* UIFont+Lato.swift */,
				AB3404B51E5610D100586DAE /* Date+Ago.swift */,
				ABEFABCE1E57836000328A86 /* ObjectDetacher.swift */,
				AB4CB9951E58203700842BCE /* Array+Duplicates.swift */,
			);
			name = Extensions;
			sourceTree = "<group>";
		};
		AB7DC0B71E4AF03700B04AB2 /* Classes */ = {
			isa = PBXGroup;
			children = (
				AB7DC0B81E4AF03700B04AB2 /* API */,
				AB6D2F961E531EB4002F1A0F /* Extensions */,
				ABFDC0BA1E4B8BA500570645 /* Models */,
				ABFDC0C91E4C458000570645 /* Transformers */,
				ABFDC0B71E4AFBC100570645 /* ViewControllers */,
				AB6D2F931E531CAE002F1A0F /* Views */,
				AB4CB9991E5B21AE00842BCE /* OAuthInfo.swift */,
				AB4CB9A11E5C0C1C00842BCE /* IndexPathChange.swift */,
			);
			path = Classes;
			sourceTree = "<group>";
		};
		AB7DC0B81E4AF03700B04AB2 /* API */ = {
			isa = PBXGroup;
			children = (
				ABEFABCD1E576E8700328A86 /* Responses */,
				AB7DC0B91E4AF04300B04AB2 /* API.swift */,
				AB9032901E4CA20D00FE9A69 /* SocketConnection.swift */,
				ABD355251E54C93B00529AC5 /* IconManager.swift */,
			);
			path = API;
			sourceTree = "<group>";
		};
		ABD3552B1E556D6700529AC5 /* Fonts */ = {
			isa = PBXGroup;
			children = (
				ABD3552C1E556D6700529AC5 /* Lato-Bold.ttf */,
				ABD3552D1E556D6700529AC5 /* Lato-Regular.ttf */,
			);
			path = Fonts;
			sourceTree = "<group>";
		};
		ABEFABCD1E576E8700328A86 /* Responses */ = {
			isa = PBXGroup;
			children = (
				ABFDC0C71E4B993000570645 /* ActivitiesResponse.swift */,
				ABD2CA5A1E4C61D500016887 /* ActivityResponse.swift */,
				AB4CB99B1E5B34EC00842BCE /* CreateRequestResponse.swift */,
				AB498B8C1E4F422A00B9DD10 /* QueryResponse.swift */,
				AB9553391E52E0740065D3FF /* WebsocketResponse.swift */,
				AB4CB99D1E5B7DF700842BCE /* RemoveRequestResponse.swift */,
			);
			name = Responses;
			sourceTree = "<group>";
		};
		ABFDC0B71E4AFBC100570645 /* ViewControllers */ = {
			isa = PBXGroup;
			children = (
				ABFDC0B81E4AFBDE00570645 /* ActivitiesViewController.swift */,
				ABD2CA641E4C7D7A00016887 /* ActivityViewController.swift */,
				ABCBB4691E4D8C7200E242FF /* ActivityViewSettingsController.swift */,
				AB4CB9971E599DF200842BCE /* NewRequestViewController.swift */,
				ABD355341E5598F600529AC5 /* PureLayoutSetup.swift */,
				AB95533B1E52E7290065D3FF /* RequestViewController.swift */,
			);
			path = ViewControllers;
			sourceTree = "<group>";
		};
		ABFDC0BA1E4B8BA500570645 /* Models */ = {
			isa = PBXGroup;
			children = (
				ABFDC0BB1E4B8BB800570645 /* Activity.swift */,
				ABFDC0BF1E4B8D4600570645 /* ActivityGroup.swift */,
				ABFDC0C11E4B8DDC00570645 /* Field.swift */,
				ABFDC0C31E4B8FA200570645 /* FieldGroup.swift */,
				ABFDC0C51E4B901800570645 /* FieldOption.swift */,
				AB498B8E1E4F458600B9DD10 /* FieldValue.swift */,
				ABFDC0BD1E4B8CD900570645 /* Language.swift */,
				AB498B8A1E4F375500B9DD10 /* Request.swift */,
			);
			path = Models;
			sourceTree = "<group>";
		};
		ABFDC0C91E4C458000570645 /* Transformers */ = {
			isa = PBXGroup;
			children = (
				ABFDC0CA1E4C459E00570645 /* DateTransformer.swift */,
				ABD2CA5E1E4C68D100016887 /* DatatypeTransformer.swift */,
				ABD2CA601E4C6A3B00016887 /* ListTransformer.swift */,
				AB498B901E4F470200B9DD10 /* ValueFinderTransformer.swift */,
			);
			name = Transformers;
			sourceTree = "<group>";
		};
/* End PBXGroup section */

/* Begin PBXNativeTarget section */
		AB4A41EF1E4AEDF900EB43C9 /* lfg */ = {
			isa = PBXNativeTarget;
			buildConfigurationList = AB4A42021E4AEDFA00EB43C9 /* Build configuration list for PBXNativeTarget "lfg" */;
			buildPhases = (
				64662D401747B0F8D0255C03 /* [CP] Check Pods Manifest.lock */,
				AB4A41EC1E4AEDF900EB43C9 /* Sources */,
				AB4A41ED1E4AEDF900EB43C9 /* Frameworks */,
				AB4A41EE1E4AEDF900EB43C9 /* Resources */,
				AB4A42061E4AEE9700EB43C9 /* ShellScript */,
				AB4A42051E4AEE2A00EB43C9 /* ShellScript */,
				9CCA25EA67B82D94603005B2 /* [CP] Embed Pods Frameworks */,
				48A7BF86A294DC0CD177194D /* [CP] Copy Pods Resources */,
			);
			buildRules = (
			);
			dependencies = (
			);
			name = lfg;
			productName = lfg;
			productReference = AB4A41F01E4AEDF900EB43C9 /* lfg.app */;
			productType = "com.apple.product-type.application";
		};
/* End PBXNativeTarget section */

/* Begin PBXProject section */
		AB4A41E81E4AEDF900EB43C9 /* Project object */ = {
			isa = PBXProject;
			attributes = {
				LastSwiftUpdateCheck = 0820;
				LastUpgradeCheck = 0820;
				ORGANIZATIONNAME = "Wim Haanstra";
				TargetAttributes = {
					AB4A41EF1E4AEDF900EB43C9 = {
						CreatedOnToolsVersion = 8.2.1;
						DevelopmentTeam = VL6GQ32BN6;
						ProvisioningStyle = Manual;
					};
				};
			};
			buildConfigurationList = AB4A41EB1E4AEDF900EB43C9 /* Build configuration list for PBXProject "lfg" */;
			compatibilityVersion = "Xcode 3.2";
			developmentRegion = English;
			hasScannedForEncodings = 0;
			knownRegions = (
				en,
				Base,
			);
			mainGroup = AB4A41E71E4AEDF900EB43C9;
			productRefGroup = AB4A41F11E4AEDF900EB43C9 /* Products */;
			projectDirPath = "";
			projectRoot = "";
			targets = (
				AB4A41EF1E4AEDF900EB43C9 /* lfg */,
			);
		};
/* End PBXProject section */

/* Begin PBXResourcesBuildPhase section */
		AB4A41EE1E4AEDF900EB43C9 /* Resources */ = {
			isa = PBXResourcesBuildPhase;
			buildActionMask = 2147483647;
			files = (
				AB4A41FE1E4AEDF900EB43C9 /* LaunchScreen.storyboard in Resources */,
				AB4A41FB1E4AEDF900EB43C9 /* Assets.xcassets in Resources */,
				ABD3552F1E556D6700529AC5 /* Lato-Regular.ttf in Resources */,
				AB4A41F91E4AEDF900EB43C9 /* Main.storyboard in Resources */,
				ABD3552E1E556D6700529AC5 /* Lato-Bold.ttf in Resources */,
			);
			runOnlyForDeploymentPostprocessing = 0;
		};
/* End PBXResourcesBuildPhase section */

/* Begin PBXShellScriptBuildPhase section */
		48A7BF86A294DC0CD177194D /* [CP] Copy Pods Resources */ = {
			isa = PBXShellScriptBuildPhase;
			buildActionMask = 2147483647;
			files = (
			);
			inputPaths = (
			);
			name = "[CP] Copy Pods Resources";
			outputPaths = (
			);
			runOnlyForDeploymentPostprocessing = 0;
			shellPath = /bin/sh;
			shellScript = "\"${SRCROOT}/Pods/Target Support Files/Pods-lfg/Pods-lfg-resources.sh\"\n";
			showEnvVarsInLog = 0;
		};
		64662D401747B0F8D0255C03 /* [CP] Check Pods Manifest.lock */ = {
			isa = PBXShellScriptBuildPhase;
			buildActionMask = 2147483647;
			files = (
			);
			inputPaths = (
			);
			name = "[CP] Check Pods Manifest.lock";
			outputPaths = (
			);
			runOnlyForDeploymentPostprocessing = 0;
			shellPath = /bin/sh;
			shellScript = "diff \"${PODS_ROOT}/../Podfile.lock\" \"${PODS_ROOT}/Manifest.lock\" > /dev/null\nif [ $? != 0 ] ; then\n    # print error to STDERR\n    echo \"error: The sandbox is not in sync with the Podfile.lock. Run 'pod install' or update your CocoaPods installation.\" >&2\n    exit 1\nfi\n";
			showEnvVarsInLog = 0;
		};
		9CCA25EA67B82D94603005B2 /* [CP] Embed Pods Frameworks */ = {
			isa = PBXShellScriptBuildPhase;
			buildActionMask = 2147483647;
			files = (
			);
			inputPaths = (
			);
			name = "[CP] Embed Pods Frameworks";
			outputPaths = (
			);
			runOnlyForDeploymentPostprocessing = 0;
			shellPath = /bin/sh;
			shellScript = "\"${SRCROOT}/Pods/Target Support Files/Pods-lfg/Pods-lfg-frameworks.sh\"\n";
			showEnvVarsInLog = 0;
		};
		AB4A42051E4AEE2A00EB43C9 /* ShellScript */ = {
			isa = PBXShellScriptBuildPhase;
			buildActionMask = 2147483647;
			files = (
			);
			inputPaths = (
			);
			outputPaths = (
			);
			runOnlyForDeploymentPostprocessing = 0;
			shellPath = /usr/bin/ruby;
			shellScript = "def get_file_as_string(filename)\ndata = ''\nf = File.open(filename, \"r\")\nf.each_line do |line|\ndata += line\nend\nreturn data\nend\n\n\ndef handle_alpha_beta(old_value, letter, infoplist, start_of_value, end_of_value)\nparts = old_value.split(letter)\nversion_num = parts[0]\nalpha_num = parts[1].to_i\n\nalpha_num = alpha_num + 1\nnew_version = version_num.to_s + letter + alpha_num.to_s\nprint \"Assigning new version: \" + new_version + \"\\n\"\nnew_key = \"<string>#{new_version}</string>\"\n\npart_1 = infoplist[0, start_of_value - '<string>'.length];\npart_2 = new_key\npart_3 = infoplist[end_of_value + \"</string>\".length, infoplist.length - (end_of_value - start_of_value + (new_key.length - 1))]\n\nnew_info_plist = part_1 + part_2 + part_3\nnew_info_plist\nend\n\ndef find_and_increment_version_number_with_key(key, infoplist)\n\nstart_of_key = infoplist.index(key)\nstart_of_value = infoplist.index(\"<string>\", start_of_key) + \"<string>\".length\nend_of_value = infoplist.index(\"</string>\", start_of_value)\nold_value = infoplist[start_of_value, end_of_value - start_of_value]\n\nprint \"Old version for \" + key + \": \" + old_value + \"\\n\"\nprint old_value.class.to_s + \"\\n\"\nold_value_int = old_value.to_i\nprint old_value_int.class.to_s + \"\\n\"\nif (old_value.index(\"a\") != nil) # alpha\ninfoplist = handle_alpha_beta(old_value, \"a\", infoplist, start_of_value, end_of_value)\nelsif (old_value.index(\"b\") != nil) # beta\ninfoplist = handle_alpha_beta(old_value, \"b\", infoplist, start_of_value, end_of_value)\nelsif (old_value.index(\".\") != nil) # release dot version\nparts = old_value.split(\".\")\nlast_part = parts.last.to_i\nlast_part = last_part + 1\nparts.delete(parts.last)\n\nnew_version = \"\"\nfirst = true\nparts.each do |one_part|\nif (first)\nfirst = false\nelse\nnew_version = new_version + \".\"\nend\nnew_version = new_version + one_part\nend\nnew_version = new_version.to_s + \".\" + last_part.to_s\nprint \"New version: \" + new_version.to_s + \"\\n\"\nnew_key = \"<string>#{new_version}</string>\"\ninfoplist = \"#{infoplist[0, start_of_value - '<string>'.length]}#{new_key}#{infoplist[end_of_value + '</string>'.length, infoplist.length - (end_of_value+1)]}\"\nelsif (old_value.to_i != nil) # straight integer build number\nnew_version = old_value.to_i + 1\nprint \"New version: \" + new_version.to_s + \"\\n\"\nnew_key = \"<string>#{new_version}</string>\"\n\npart_1 = infoplist[0, start_of_value - '<string>'.length]\npart_2 = new_key\npart_3 = infoplist[end_of_value + \"</string>\".length, infoplist.length - (end_of_value+1)]\ninfoplist = part_1 + part_2 + part_3\nend\ninfoplist\nend\n\n\n\nconfig = ENV['CONFIGURATION'].upcase\nconfig_build_dir = ENV['CONFIGURATION_BUILD_DIR']\n\narchive_action = false\nif (config_build_dir.include?(\"ArchiveIntermediates\"))\narchive_action = true\nend\n\nprint \"Archive: \" + archive_action.to_s + \"\\n\"\n\n\nprint config\n\nif (config != \"RELEASE\")\nprint \" incrementing build numbers\\n\"\nproject_dir = ENV['PROJECT_DIR']\ninfoplist_file = ENV['INFOPLIST_FILE']\nplist_filename = \"#{project_dir}/#{infoplist_file}\"\n\ninfoplist = get_file_as_string(plist_filename)\ninfoplist = find_and_increment_version_number_with_key(\"CFBundleVersion\", infoplist)\nFile.open(plist_filename, 'w') {|f| f.write(infoplist) }\nelse\nprint \" not incrementing build numbers\"\nend";
		};
		AB4A42061E4AEE9700EB43C9 /* ShellScript */ = {
			isa = PBXShellScriptBuildPhase;
			buildActionMask = 2147483647;
			files = (
			);
			inputPaths = (
			);
			outputPaths = (
			);
			runOnlyForDeploymentPostprocessing = 0;
			shellPath = /bin/sh;
			shellScript = "if which swiftlint >/dev/null; then\nswiftlint\nelse\necho \"warning: SwiftLint not installed, download from https://github.com/realm/SwiftLint\"\nfi";
		};
/* End PBXShellScriptBuildPhase section */

/* Begin PBXSourcesBuildPhase section */
		AB4A41EC1E4AEDF900EB43C9 /* Sources */ = {
			isa = PBXSourcesBuildPhase;
			buildActionMask = 2147483647;
			files = (
				ABD355331E5580F700529AC5 /* StatusPanel.swift in Sources */,
				AB4CB99A1E5B21AE00842BCE /* OAuthInfo.swift in Sources */,
				AB3404B61E5610D100586DAE /* Date+Ago.swift in Sources */,
				ABFDC0C61E4B901800570645 /* FieldOption.swift in Sources */,
				AB6D2F951E531CD5002F1A0F /* RequestTableViewCell.swift in Sources */,
				ABD2CA611E4C6A3B00016887 /* ListTransformer.swift in Sources */,
				AB4CB99C1E5B34EC00842BCE /* CreateRequestResponse.swift in Sources */,
				ABEFABCF1E57836000328A86 /* ObjectDetacher.swift in Sources */,
				ABD2CA5B1E4C61D500016887 /* ActivityResponse.swift in Sources */,
				ABD2CA651E4C7D7A00016887 /* ActivityViewController.swift in Sources */,
				AB4CB99E1E5B7DF700842BCE /* RemoveRequestResponse.swift in Sources */,
				ABFDC0CB1E4C459E00570645 /* DateTransformer.swift in Sources */,
				ABFDC0C21E4B8DDC00570645 /* Field.swift in Sources */,
				ABD3552A1E55685600529AC5 /* String+Size.swift in Sources */,
				ABCBB46A1E4D8C7200E242FF /* ActivityViewSettingsController.swift in Sources */,
				ABD355311E556DB100529AC5 /* UIFont+Lato.swift in Sources */,
				AB4CB9961E58203700842BCE /* Array+Duplicates.swift in Sources */,
				ABD355261E54C93B00529AC5 /* IconManager.swift in Sources */,
				ABFDC0B91E4AFBDE00570645 /* ActivitiesViewController.swift in Sources */,
				ABD355241E542A1C00529AC5 /* UIImage+Icon.swift in Sources */,
				ABD355281E555F2C00529AC5 /* TitleSeparator.swift in Sources */,
				AB6D2F981E531EC7002F1A0F /* UIColor+Hex.swift in Sources */,
				ABFDC0BE1E4B8CD900570645 /* Language.swift in Sources */,
				ABD2CA5D1E4C672200016887 /* DataTypes.swift in Sources */,
				ABD2CA5F1E4C68D100016887 /* DatatypeTransformer.swift in Sources */,
				AB498B911E4F470200B9DD10 /* ValueFinderTransformer.swift in Sources */,
				AB498B8D1E4F422A00B9DD10 /* QueryResponse.swift in Sources */,
				ABFDC0C01E4B8D4600570645 /* ActivityGroup.swift in Sources */,
				ABEFABCA1E57109800328A86 /* DiscordInfoView.swift in Sources */,
				AB95533C1E52E7290065D3FF /* RequestViewController.swift in Sources */,
				AB498B8B1E4F375500B9DD10 /* Request.swift in Sources */,
				AB498B8F1E4F458600B9DD10 /* FieldValue.swift in Sources */,
				AB7DC0BA1E4AF04300B04AB2 /* API.swift in Sources */,
				AB4CB9A01E5C003B00842BCE /* ActivitySectionHeader.swift in Sources */,
				ABEFABCC1E57394B00328A86 /* NoResultsView.swift in Sources */,
				ABFDC0BC1E4B8BB800570645 /* Activity.swift in Sources */,
				AB95533A1E52E0740065D3FF /* WebsocketResponse.swift in Sources */,
				ABD355351E5598F600529AC5 /* PureLayoutSetup.swift in Sources */,
				AB4A41F41E4AEDF900EB43C9 /* AppDelegate.swift in Sources */,
				AB4CB9A21E5C0C1C00842BCE /* IndexPathChange.swift in Sources */,
				AB4CB9981E599DF200842BCE /* NewRequestViewController.swift in Sources */,
				ABFDC0C41E4B8FA200570645 /* FieldGroup.swift in Sources */,
				AB3404B81E56283F00586DAE /* ActivityCell.swift in Sources */,
				ABFDC0C81E4B993000570645 /* ActivitiesResponse.swift in Sources */,
				AB9032911E4CA20D00FE9A69 /* SocketConnection.swift in Sources */,
			);
			runOnlyForDeploymentPostprocessing = 0;
		};
/* End PBXSourcesBuildPhase section */

/* Begin PBXVariantGroup section */
		AB4A41F71E4AEDF900EB43C9 /* Main.storyboard */ = {
			isa = PBXVariantGroup;
			children = (
				AB4A41F81E4AEDF900EB43C9 /* Base */,
			);
			name = Main.storyboard;
			sourceTree = "<group>";
		};
		AB4A41FC1E4AEDF900EB43C9 /* LaunchScreen.storyboard */ = {
			isa = PBXVariantGroup;
			children = (
				AB4A41FD1E4AEDF900EB43C9 /* Base */,
			);
			name = LaunchScreen.storyboard;
			sourceTree = "<group>";
		};
/* End PBXVariantGroup section */

/* Begin XCBuildConfiguration section */
		AB4A42001E4AEDF900EB43C9 /* Debug */ = {
			isa = XCBuildConfiguration;
			buildSettings = {
				ALWAYS_SEARCH_USER_PATHS = NO;
				CLANG_ANALYZER_NONNULL = YES;
				CLANG_CXX_LANGUAGE_STANDARD = "gnu++0x";
				CLANG_CXX_LIBRARY = "libc++";
				CLANG_ENABLE_MODULES = YES;
				CLANG_ENABLE_OBJC_ARC = YES;
				CLANG_WARN_BOOL_CONVERSION = YES;
				CLANG_WARN_CONSTANT_CONVERSION = YES;
				CLANG_WARN_DIRECT_OBJC_ISA_USAGE = YES_ERROR;
				CLANG_WARN_DOCUMENTATION_COMMENTS = YES;
				CLANG_WARN_EMPTY_BODY = YES;
				CLANG_WARN_ENUM_CONVERSION = YES;
				CLANG_WARN_INFINITE_RECURSION = YES;
				CLANG_WARN_INT_CONVERSION = YES;
				CLANG_WARN_OBJC_ROOT_CLASS = YES_ERROR;
				CLANG_WARN_SUSPICIOUS_MOVE = YES;
				CLANG_WARN_UNREACHABLE_CODE = YES;
				CLANG_WARN__DUPLICATE_METHOD_MATCH = YES;
				"CODE_SIGN_IDENTITY[sdk=iphoneos*]" = "iPhone Developer";
				COPY_PHASE_STRIP = NO;
				DEBUG_INFORMATION_FORMAT = dwarf;
				ENABLE_STRICT_OBJC_MSGSEND = YES;
				ENABLE_TESTABILITY = YES;
				GCC_C_LANGUAGE_STANDARD = gnu99;
				GCC_DYNAMIC_NO_PIC = NO;
				GCC_NO_COMMON_BLOCKS = YES;
				GCC_OPTIMIZATION_LEVEL = 0;
				GCC_PREPROCESSOR_DEFINITIONS = (
					"DEBUG=1",
					"$(inherited)",
				);
				GCC_WARN_64_TO_32_BIT_CONVERSION = YES;
				GCC_WARN_ABOUT_RETURN_TYPE = YES_ERROR;
				GCC_WARN_UNDECLARED_SELECTOR = YES;
				GCC_WARN_UNINITIALIZED_AUTOS = YES_AGGRESSIVE;
				GCC_WARN_UNUSED_FUNCTION = YES;
				GCC_WARN_UNUSED_VARIABLE = YES;
				IPHONEOS_DEPLOYMENT_TARGET = 10.2;
				MTL_ENABLE_DEBUG_INFO = YES;
				ONLY_ACTIVE_ARCH = YES;
				SDKROOT = iphoneos;
				SWIFT_ACTIVE_COMPILATION_CONDITIONS = DEBUG;
				SWIFT_OPTIMIZATION_LEVEL = "-Onone";
				TARGETED_DEVICE_FAMILY = "1,2";
			};
			name = Debug;
		};
		AB4A42011E4AEDF900EB43C9 /* Release */ = {
			isa = XCBuildConfiguration;
			buildSettings = {
				ALWAYS_SEARCH_USER_PATHS = NO;
				CLANG_ANALYZER_NONNULL = YES;
				CLANG_CXX_LANGUAGE_STANDARD = "gnu++0x";
				CLANG_CXX_LIBRARY = "libc++";
				CLANG_ENABLE_MODULES = YES;
				CLANG_ENABLE_OBJC_ARC = YES;
				CLANG_WARN_BOOL_CONVERSION = YES;
				CLANG_WARN_CONSTANT_CONVERSION = YES;
				CLANG_WARN_DIRECT_OBJC_ISA_USAGE = YES_ERROR;
				CLANG_WARN_DOCUMENTATION_COMMENTS = YES;
				CLANG_WARN_EMPTY_BODY = YES;
				CLANG_WARN_ENUM_CONVERSION = YES;
				CLANG_WARN_INFINITE_RECURSION = YES;
				CLANG_WARN_INT_CONVERSION = YES;
				CLANG_WARN_OBJC_ROOT_CLASS = YES_ERROR;
				CLANG_WARN_SUSPICIOUS_MOVE = YES;
				CLANG_WARN_UNREACHABLE_CODE = YES;
				CLANG_WARN__DUPLICATE_METHOD_MATCH = YES;
				"CODE_SIGN_IDENTITY[sdk=iphoneos*]" = "iPhone Developer";
				COPY_PHASE_STRIP = NO;
				DEBUG_INFORMATION_FORMAT = "dwarf-with-dsym";
				ENABLE_NS_ASSERTIONS = NO;
				ENABLE_STRICT_OBJC_MSGSEND = YES;
				GCC_C_LANGUAGE_STANDARD = gnu99;
				GCC_NO_COMMON_BLOCKS = YES;
				GCC_WARN_64_TO_32_BIT_CONVERSION = YES;
				GCC_WARN_ABOUT_RETURN_TYPE = YES_ERROR;
				GCC_WARN_UNDECLARED_SELECTOR = YES;
				GCC_WARN_UNINITIALIZED_AUTOS = YES_AGGRESSIVE;
				GCC_WARN_UNUSED_FUNCTION = YES;
				GCC_WARN_UNUSED_VARIABLE = YES;
				IPHONEOS_DEPLOYMENT_TARGET = 10.2;
				MTL_ENABLE_DEBUG_INFO = NO;
				SDKROOT = iphoneos;
				SWIFT_OPTIMIZATION_LEVEL = "-Owholemodule";
				TARGETED_DEVICE_FAMILY = "1,2";
				VALIDATE_PRODUCT = YES;
			};
			name = Release;
		};
		AB4A42031E4AEDFA00EB43C9 /* Debug */ = {
			isa = XCBuildConfiguration;
			baseConfigurationReference = B969099067711FE26ED9AC37 /* Pods-lfg.debug.xcconfig */;
			buildSettings = {
				ASSETCATALOG_COMPILER_APPICON_NAME = AppIcon;
				"CODE_SIGN_IDENTITY[sdk=iphoneos*]" = "iPhone Developer";
				DEVELOPMENT_TEAM = VL6GQ32BN6;
				INFOPLIST_FILE = lfg/Info.plist;
				LD_RUNPATH_SEARCH_PATHS = "$(inherited) @executable_path/Frameworks";
				PRODUCT_BUNDLE_IDENTIFIER = com.sortedbits.lfgpub;
				PRODUCT_NAME = "$(TARGET_NAME)";
				PROVISIONING_PROFILE = "fec91fd5-e098-423f-ae10-9436bcca4dfa";
				PROVISIONING_PROFILE_SPECIFIER = "LFG Pub Development";
				SWIFT_VERSION = 3.0;
			};
			name = Debug;
		};
		AB4A42041E4AEDFA00EB43C9 /* Release */ = {
			isa = XCBuildConfiguration;
			baseConfigurationReference = BAE1A5B43F070FAE8A142692 /* Pods-lfg.release.xcconfig */;
			buildSettings = {
				ASSETCATALOG_COMPILER_APPICON_NAME = AppIcon;
				"CODE_SIGN_IDENTITY[sdk=iphoneos*]" = "iPhone Distribution";
				DEVELOPMENT_TEAM = VL6GQ32BN6;
				INFOPLIST_FILE = lfg/Info.plist;
				LD_RUNPATH_SEARCH_PATHS = "$(inherited) @executable_path/Frameworks";
				PRODUCT_BUNDLE_IDENTIFIER = com.sortedbits.lfgpub;
				PRODUCT_NAME = "$(TARGET_NAME)";
				PROVISIONING_PROFILE = "7499f22d-e391-4ba1-a1fb-e98d63267c5d";
				PROVISIONING_PROFILE_SPECIFIER = "LFG Pub Appstore";
				SWIFT_VERSION = 3.0;
			};
			name = Release;
		};
/* End XCBuildConfiguration section */

/* Begin XCConfigurationList section */
		AB4A41EB1E4AEDF900EB43C9 /* Build configuration list for PBXProject "lfg" */ = {
			isa = XCConfigurationList;
			buildConfigurations = (
				AB4A42001E4AEDF900EB43C9 /* Debug */,
				AB4A42011E4AEDF900EB43C9 /* Release */,
			);
			defaultConfigurationIsVisible = 0;
			defaultConfigurationName = Release;
		};
		AB4A42021E4AEDFA00EB43C9 /* Build configuration list for PBXNativeTarget "lfg" */ = {
			isa = XCConfigurationList;
			buildConfigurations = (
				AB4A42031E4AEDFA00EB43C9 /* Debug */,
				AB4A42041E4AEDFA00EB43C9 /* Release */,
			);
			defaultConfigurationIsVisible = 0;
			defaultConfigurationName = Release;
		};
/* End XCConfigurationList section */
	};
	rootObject = AB4A41E81E4AEDF900EB43C9 /* Project object */;
}
