PODS:
  - ActionCableClient (0.2.3):
    - Starscream (~> 2.0.0)
  - Alamofire (4.3.0)
  - AlamofireObjectMapper (4.0.1):
    - Alamofire (~> 4.1)
    - ObjectMapper (~> 2.0)
  - DateToolsSwift (2.0.0)
  - Eureka (2.0.1)
  - Fakery (2.0.0)
  - FontAwesome.swift (1.0.0)
  - FTPopOverMenu (1.3.2)
  - ionicons (2.0.3)
  - ObjectMapper (2.2.2)
  - PureLayout (3.0.2)
  - Realm (2.4.2):
    - Realm/Headers (= 2.4.2)
  - Realm/Headers (2.4.2)
  - RealmSwift (2.4.2):
    - Realm (= 2.4.2)
  - SDWebImage (3.8.2):
    - SDWebImage/Core (= 3.8.2)
  - SDWebImage/Core (3.8.2)
  - Starscream (2.0.3)
  - SwiftLint (0.16.1)
  - SwiftMessages (3.1.5)
  - SwiftyBeaver (1.1.1)
  - TTRangeSlider (1.0.5)

DEPENDENCIES:
  - ActionCableClient
  - Alamofire (~> 4.3)
  - AlamofireObjectMapper (~> 4.0)
  - DateToolsSwift (from `https://github.com/MatthewYork/DateTools.git`)
  - Eureka (from `https://github.com/xmartlabs/Eureka.git`, branch `master`)
  - Fakery
  - FontAwesome.swift
  - FTPopOverMenu
  - ionicons
  - ObjectMapper
  - PureLayout
  - RealmSwift
  - SDWebImage (~> 3.8)
  - SwiftLint
  - SwiftMessages
  - SwiftyBeaver
  - TTRangeSlider

EXTERNAL SOURCES:
  DateToolsSwift:
    :git: https://github.com/MatthewYork/DateTools.git
  Eureka:
    :branch: master
    :git: https://github.com/xmartlabs/Eureka.git

CHECKOUT OPTIONS:
  DateToolsSwift:
    :commit: d66631211128a10063a4973922a354c8e497482e
    :git: https://github.com/MatthewYork/DateTools.git
  Eureka:
    :commit: 555c1b29194cde5328663097a019fd1f00e7cc97
    :git: https://github.com/xmartlabs/Eureka.git

SPEC CHECKSUMS:
  ActionCableClient: c8a466410d31bfa14e7a9c209b539c1e2d026a5f
  Alamofire: 856a113053a7bc9cbe5d6367a555d773fc5cfef7
  AlamofireObjectMapper: 842d2eed43a4d0593ff0110d54ac86a170c4519c
  DateToolsSwift: 43bad526ba2209dd01a080201cfea8aca65bf4e0
  Eureka: b40fbccd381b2b5d6a1c138d23806993a950d7d7
  Fakery: 97b99c23937d2e025d9135c75e2b17351ccd5031
  FontAwesome.swift: 2d32a3d62195343c2004b7c9043294ed2948553a
  FTPopOverMenu: 4b412a331990fc1169c50104f1aa44b8cd4c5c4a
  ionicons: ec1e86e6c3316bd9942a7f024080dd75c70dd6a5
  ObjectMapper: 9e385c2295bcc4e16eabbcfc85db801442bba545
  PureLayout: 4d550abe49a94f24c2808b9b95db9131685fe4cd
  Realm: d27b758e12d62a3371879a065d4c40aa212c5a54
  RealmSwift: 9556c0fe0f0cfecacfb755ae9e68ff379fc6bead
  SDWebImage: 098e97e6176540799c27e804c96653ee0833d13c
  Starscream: 3fdd5c277e57cca6b5c406d274e3f34a7c88f2ce
  SwiftLint: b8b683208cc09640898f16318a7a452274e91f61
  SwiftMessages: bb85d7c30e85256f9367214b0907e1f409e1870a
  SwiftyBeaver: 2b68694df862381235e32bcfc4ec991e26bf131d
  TTRangeSlider: 2f2ce4a33b32bb323c6575b9f5161c4664459c58

PODFILE CHECKSUM: fabc3d4f34ffbd744db139c8771f9c23033c4bef

COCOAPODS: 1.2.0
